// !$*UTF8*$!
{
	archiveVersion = 1;
	classes = {
	};
	objectVersion = 52;
	objects = {

/* Begin PBXBuildFile section */
		0A85F77497044EDA17D347E5 /* GithubSearchVIPER02Entity.swift in Sources */ = {isa = PBXBuildFile; fileRef = 268DE0612EB833FD54E6CA63 /* GithubSearchVIPER02Entity.swift */; };
		0AFA79DD68C2D5A177D03569 /* GithubSearchMVVM01ViewController.swift in Sources */ = {isa = PBXBuildFile; fileRef = 34C249C6164C11801FC93949 /* GithubSearchMVVM01ViewController.swift */; };
		0E8B294514CA4AC64B64720B /* WebVIPER.storyboard in Resources */ = {isa = PBXBuildFile; fileRef = 1F18264CB63E228BFCC4D646 /* WebVIPER.storyboard */; };
		10179DDD9A905A12004FCAF2 /* Assets.xcassets in Resources */ = {isa = PBXBuildFile; fileRef = 88E69CE9ABE02873CAF26464 /* Assets.xcassets */; };
		14144DBCD82783F2720A494E /* GithubSearchVIPER.storyboard in Resources */ = {isa = PBXBuildFile; fileRef = 31440491620CA04F93A54AB4 /* GithubSearchVIPER.storyboard */; };
		2771E90FBC1C3CAFE6AA88FE /* GithubSearchVIPER02View.swift in Sources */ = {isa = PBXBuildFile; fileRef = C5D4AF66DFDCC5F63ACF23E2 /* GithubSearchVIPER02View.swift */; };
		2F18C55B099369226C83EA6C /* AppDelegate.swift in Sources */ = {isa = PBXBuildFile; fileRef = B1B8F3310AD4859FE5B068AC /* AppDelegate.swift */; };
		36A53B81B1835166A9AA36E6 /* GithubSearchMVVM02ViewModel.swift in Sources */ = {isa = PBXBuildFile; fileRef = D6F6742FC2E01B47FE3F3E51 /* GithubSearchMVVM02ViewModel.swift */; };
		3C1A252346944B88E0CAE31B /* WebVIPERRouter.swift in Sources */ = {isa = PBXBuildFile; fileRef = 5BBAE9CB4D7FD9184F597EDD /* WebVIPERRouter.swift */; };
		3F4BE5035549FC981C0AF5BE /* GithubSearchMVVM02.storyboard in Resources */ = {isa = PBXBuildFile; fileRef = 7D4851FC2E74B2C50CD3C436 /* GithubSearchMVVM02.storyboard */; };
		3FBB7B61B57FAEA914204463 /* GithubSearchVIPERInteractor.swift in Sources */ = {isa = PBXBuildFile; fileRef = 5FA351F5B16942B1C651F91A /* GithubSearchVIPERInteractor.swift */; };
		40FB13CE23633FB52712C5F4 /* GithubAPI+Rx.swift in Sources */ = {isa = PBXBuildFile; fileRef = 0BA0DB5228893E68337D368F /* GithubAPI+Rx.swift */; };
		44C52B120CCEA62D188D51E0 /* WebMVP.storyboard in Resources */ = {isa = PBXBuildFile; fileRef = A9611E52F0219A4D2763DEF4 /* WebMVP.storyboard */; };
		48823EC50616A2171A619450 /* GithubSearchPresenter.swift in Sources */ = {isa = PBXBuildFile; fileRef = AA1C5557D0AD80F7A139B2C7 /* GithubSearchPresenter.swift */; };
		4CB0526A515EBEE22155140E /* WebVIPERInteractor.swift in Sources */ = {isa = PBXBuildFile; fileRef = EC84B4B429D116EE69E19D51 /* WebVIPERInteractor.swift */; };
		4F71771932D0485D88CD78E2 /* WebMVPPresenter.swift in Sources */ = {isa = PBXBuildFile; fileRef = E76C749505C3DE8C408AA3BC /* WebMVPPresenter.swift */; };
		5144642C300FCDA3FA843105 /* WebVIPERViewController.swift in Sources */ = {isa = PBXBuildFile; fileRef = CA90EC6237DA793A81B4593A /* WebVIPERViewController.swift */; };
		54D946B2AC41CE4ED9517EE8 /* Pods_SampleiOSArchitecture.framework in Frameworks */ = {isa = PBXBuildFile; fileRef = 985299171CFEBF4FA5066DC0 /* Pods_SampleiOSArchitecture.framework */; };
		56E302E6E7926ABDD4A83371 /* UIViewController+.swift in Sources */ = {isa = PBXBuildFile; fileRef = 4503D5CD97E6ED8D1B745F08 /* UIViewController+.swift */; };
		58C547CFFC111DB26AEA30AD /* GithubSearchMVVM01.storyboard in Resources */ = {isa = PBXBuildFile; fileRef = 8BD4411685020BFC35F6E2A6 /* GithubSearchMVVM01.storyboard */; };
		5B581753815A9FD48D10D689 /* GithubSearchVIPER02Cell.swift in Sources */ = {isa = PBXBuildFile; fileRef = 249959954954C497D6C389BC /* GithubSearchVIPER02Cell.swift */; };
		5E2A265DC52C26E5619A1894 /* WebVIPERPresenter.swift in Sources */ = {isa = PBXBuildFile; fileRef = DABA7831038E1E3F9C1D9219 /* WebVIPERPresenter.swift */; };
		61B550EE374E53DCC573A835 /* CombineCocoa in Frameworks */ = {isa = PBXBuildFile; productRef = D9EC1931114F903F39C91D9B /* CombineCocoa */; };
		6DE5EBEF50445F1993C0F40A /* RootViewController.swift in Sources */ = {isa = PBXBuildFile; fileRef = 9A3BC27F8796DC7465898E0B /* RootViewController.swift */; };
		735B006AD3400C301F203703 /* GithubSearchVIPER02Router.swift in Sources */ = {isa = PBXBuildFile; fileRef = 8D3463FE1E8113ECE133B233 /* GithubSearchVIPER02Router.swift */; };
		78ED581507447DF9956D98B0 /* GithubSearchVIPER02Interactor.swift in Sources */ = {isa = PBXBuildFile; fileRef = D7407A6B6B4FC76E8DFDC196 /* GithubSearchVIPER02Interactor.swift */; };
		7A16EFB1CD043B8D2DDC4332 /* GithubSearchVIPER02ViewHelper.swift in Sources */ = {isa = PBXBuildFile; fileRef = 909C25806B743E778C2C9F06 /* GithubSearchVIPER02ViewHelper.swift */; };
		7ABEBC71C9BDAA9F749DD426 /* WebMVCViewController.swift in Sources */ = {isa = PBXBuildFile; fileRef = B3DE20B517E3D994E3F25131 /* WebMVCViewController.swift */; };
		7F14959253A6A8BF5D0D81B7 /* GithubAPI.swift in Sources */ = {isa = PBXBuildFile; fileRef = 7FC9430E69C2223D89C48ED5 /* GithubAPI.swift */; };
		81A2D8E03B9E0CEBCDC822A5 /* GithubSearchMVVM03ViewController.swift in Sources */ = {isa = PBXBuildFile; fileRef = C7D3EA4791EE8C3F0527797D /* GithubSearchMVVM03ViewController.swift */; };
		81ACE1DCC8F96413D351AE68 /* GithubAPI+Combine.swift in Sources */ = {isa = PBXBuildFile; fileRef = B0289AFF4EAE38DB49B337A7 /* GithubAPI+Combine.swift */; };
		8588E593C791BA4B5C43EA20 /* Router.swift in Sources */ = {isa = PBXBuildFile; fileRef = D9D74AC0216B041100AB3392 /* Router.swift */; };
		86979ABA382D6043B36097BA /* GithubSearchMVC01ViewController.swift in Sources */ = {isa = PBXBuildFile; fileRef = 83B6402AE953E386D7B4AC3C /* GithubSearchMVC01ViewController.swift */; };
		88345FB759263F69D1B39D27 /* WebMVVMViewModel.swift in Sources */ = {isa = PBXBuildFile; fileRef = 84C8D7BB0E64F75104C81911 /* WebMVVMViewModel.swift */; };
		883A92B88B21758A72B6AB71 /* GithubSearchMVVM02ViewController.swift in Sources */ = {isa = PBXBuildFile; fileRef = C1F637902A03BE659C5CCCF8 /* GithubSearchMVVM02ViewController.swift */; };
		89B109945A4A245A6D119997 /* WebMVVMViewController.swift in Sources */ = {isa = PBXBuildFile; fileRef = AEB8D0AB85E479072BC904E5 /* WebMVVMViewController.swift */; };
		8A0263DF7E946ADF00F3E1BD /* GithubSearchMVVM03.storyboard in Resources */ = {isa = PBXBuildFile; fileRef = B68FD8FA3C181985715749E2 /* GithubSearchMVVM03.storyboard */; };
		8C381A52B29884C7CFAC3DAC /* GithubTableViewCell.xib in Resources */ = {isa = PBXBuildFile; fileRef = D23623BA69CC1F37ABF060A4 /* GithubTableViewCell.xib */; };
		8F6ABDA05CE731F4749A6CA6 /* UITableViewCell+.swift in Sources */ = {isa = PBXBuildFile; fileRef = 96F898868ADA66618BC5B716 /* UITableViewCell+.swift */; };
		90F145AB7406B47DB5E2B770 /* GithubSearchMVPViewController.swift in Sources */ = {isa = PBXBuildFile; fileRef = 228D82B2C1131DEB2681ED18 /* GithubSearchMVPViewController.swift */; };
		94DDBEEB2B108871706E33A6 /* GithubSearchMVC01.storyboard in Resources */ = {isa = PBXBuildFile; fileRef = 4DF1AC4B4EE8D9EE4282B6C0 /* GithubSearchMVC01.storyboard */; };
		95209C9F97620D1729E91F7D /* GithubModel.swift in Sources */ = {isa = PBXBuildFile; fileRef = B7D3089DC71B7A75E014B9B7 /* GithubModel.swift */; };
		969BE4F20BD3067F387B1EE5 /* WebMVC.storyboard in Resources */ = {isa = PBXBuildFile; fileRef = 9DB4A6AB3B0932BE0018EBA1 /* WebMVC.storyboard */; };
		9FD2455B0AA3A3D2BF16B734 /* GithubSearchVIPERPresenter.swift in Sources */ = {isa = PBXBuildFile; fileRef = FA7C216BED43AA4F75F88DC9 /* GithubSearchVIPERPresenter.swift */; };
		A4B31609D4E9CE8F53034E86 /* WebMVPViewController.swift in Sources */ = {isa = PBXBuildFile; fileRef = 03B87DAFF25C31793A297D15 /* WebMVPViewController.swift */; };
		BE769FFB88C98D2636DF3B55 /* GithubSearchVIPERRouter.swift in Sources */ = {isa = PBXBuildFile; fileRef = 3274A59D112CCC39F185AC55 /* GithubSearchVIPERRouter.swift */; };
		C21FC22B0A2F739932B31B1B /* GithubSearchVIPER02Presenter.swift in Sources */ = {isa = PBXBuildFile; fileRef = 598E6A183044C6BF9938E209 /* GithubSearchVIPER02Presenter.swift */; };
		C26C32C7EA835CB45AA6D366 /* WebMVVM.storyboard in Resources */ = {isa = PBXBuildFile; fileRef = B3904DDF40A0F720597C114F /* WebMVVM.storyboard */; };
		C3D353C59C917C744B536E9D /* GithubSearchMVVM03ViewModel.swift in Sources */ = {isa = PBXBuildFile; fileRef = 0AA3F7FF80ADEC7C6EB11A3D /* GithubSearchMVVM03ViewModel.swift */; };
		C4E5A65EA2BF63125BD9314B /* GithubSearchVIPEREntity.swift in Sources */ = {isa = PBXBuildFile; fileRef = 5058FB3315C8BD81D6DCA2EA /* GithubSearchVIPEREntity.swift */; };
		D39536E0264ED61990C58FF1 /* GithubSearchMVP.storyboard in Resources */ = {isa = PBXBuildFile; fileRef = 393E01127790472157B259AA /* GithubSearchMVP.storyboard */; };
		D6C87ADBDB05E8164200F2E3 /* GithubSearchMVVM01ViewModel.swift in Sources */ = {isa = PBXBuildFile; fileRef = DE0E6FE6FBEF9DD1F176CBEF /* GithubSearchMVVM01ViewModel.swift */; };
		D808F23F37B6D818CC3F0810 /* ActivityIndicatorView.swift in Sources */ = {isa = PBXBuildFile; fileRef = D3C31BC4FE470BC3288710AA /* ActivityIndicatorView.swift */; };
		DE7425557B6547AE5A0C8BBE /* GithubTableViewCell.swift in Sources */ = {isa = PBXBuildFile; fileRef = F130EBD6D0DD6EDD9324A6AA /* GithubTableViewCell.swift */; };
		DF918CD2EBA8E9FECD62323B /* LaunchScreen.storyboard in Resources */ = {isa = PBXBuildFile; fileRef = 8126924E39401AF5F6263D0F /* LaunchScreen.storyboard */; };
		EF46D7A1E2D33362150FD37D /* GithubSearchVIPERViewController.swift in Sources */ = {isa = PBXBuildFile; fileRef = 0AE001E1648BA19D88DBAC81 /* GithubSearchVIPERViewController.swift */; };
		F78C9D92608B5F7A86DA9CF1 /* Storyboard+.swift in Sources */ = {isa = PBXBuildFile; fileRef = 9E45FBED5E8286784719FE83 /* Storyboard+.swift */; };
/* End PBXBuildFile section */

/* Begin PBXFileReference section */
		03B87DAFF25C31793A297D15 /* WebMVPViewController.swift */ = {isa = PBXFileReference; lastKnownFileType = sourcecode.swift; path = WebMVPViewController.swift; sourceTree = "<group>"; };
		0AA3F7FF80ADEC7C6EB11A3D /* GithubSearchMVVM03ViewModel.swift */ = {isa = PBXFileReference; lastKnownFileType = sourcecode.swift; path = GithubSearchMVVM03ViewModel.swift; sourceTree = "<group>"; };
		0AE001E1648BA19D88DBAC81 /* GithubSearchVIPERViewController.swift */ = {isa = PBXFileReference; lastKnownFileType = sourcecode.swift; path = GithubSearchVIPERViewController.swift; sourceTree = "<group>"; };
		0BA0DB5228893E68337D368F /* GithubAPI+Rx.swift */ = {isa = PBXFileReference; lastKnownFileType = sourcecode.swift; path = "GithubAPI+Rx.swift"; sourceTree = "<group>"; };
		19D9EBC21930A5C3BD3E9B99 /* Pods-SampleiOSArchitecture.debug.xcconfig */ = {isa = PBXFileReference; includeInIndex = 1; lastKnownFileType = text.xcconfig; name = "Pods-SampleiOSArchitecture.debug.xcconfig"; path = "Target Support Files/Pods-SampleiOSArchitecture/Pods-SampleiOSArchitecture.debug.xcconfig"; sourceTree = "<group>"; };
		1F18264CB63E228BFCC4D646 /* WebVIPER.storyboard */ = {isa = PBXFileReference; lastKnownFileType = file.storyboard; path = WebVIPER.storyboard; sourceTree = "<group>"; };
		228D82B2C1131DEB2681ED18 /* GithubSearchMVPViewController.swift */ = {isa = PBXFileReference; lastKnownFileType = sourcecode.swift; path = GithubSearchMVPViewController.swift; sourceTree = "<group>"; };
		249959954954C497D6C389BC /* GithubSearchVIPER02Cell.swift */ = {isa = PBXFileReference; lastKnownFileType = sourcecode.swift; path = GithubSearchVIPER02Cell.swift; sourceTree = "<group>"; };
		268DE0612EB833FD54E6CA63 /* GithubSearchVIPER02Entity.swift */ = {isa = PBXFileReference; lastKnownFileType = sourcecode.swift; path = GithubSearchVIPER02Entity.swift; sourceTree = "<group>"; };
		2E138F787C1D48CD47AE493C /* Base */ = {isa = PBXFileReference; lastKnownFileType = file.storyboard; name = Base; path = Base.lproj/LaunchScreen.storyboard; sourceTree = "<group>"; };
		31440491620CA04F93A54AB4 /* GithubSearchVIPER.storyboard */ = {isa = PBXFileReference; lastKnownFileType = file.storyboard; path = GithubSearchVIPER.storyboard; sourceTree = "<group>"; };
		3274A59D112CCC39F185AC55 /* GithubSearchVIPERRouter.swift */ = {isa = PBXFileReference; lastKnownFileType = sourcecode.swift; path = GithubSearchVIPERRouter.swift; sourceTree = "<group>"; };
		34C249C6164C11801FC93949 /* GithubSearchMVVM01ViewController.swift */ = {isa = PBXFileReference; lastKnownFileType = sourcecode.swift; path = GithubSearchMVVM01ViewController.swift; sourceTree = "<group>"; };
		393E01127790472157B259AA /* GithubSearchMVP.storyboard */ = {isa = PBXFileReference; lastKnownFileType = file.storyboard; path = GithubSearchMVP.storyboard; sourceTree = "<group>"; };
		4503D5CD97E6ED8D1B745F08 /* UIViewController+.swift */ = {isa = PBXFileReference; lastKnownFileType = sourcecode.swift; path = "UIViewController+.swift"; sourceTree = "<group>"; };
		4DF1AC4B4EE8D9EE4282B6C0 /* GithubSearchMVC01.storyboard */ = {isa = PBXFileReference; lastKnownFileType = file.storyboard; path = GithubSearchMVC01.storyboard; sourceTree = "<group>"; };
		5058FB3315C8BD81D6DCA2EA /* GithubSearchVIPEREntity.swift */ = {isa = PBXFileReference; lastKnownFileType = sourcecode.swift; path = GithubSearchVIPEREntity.swift; sourceTree = "<group>"; };
		598E6A183044C6BF9938E209 /* GithubSearchVIPER02Presenter.swift */ = {isa = PBXFileReference; lastKnownFileType = sourcecode.swift; path = GithubSearchVIPER02Presenter.swift; sourceTree = "<group>"; };
		5BBAE9CB4D7FD9184F597EDD /* WebVIPERRouter.swift */ = {isa = PBXFileReference; lastKnownFileType = sourcecode.swift; path = WebVIPERRouter.swift; sourceTree = "<group>"; };
		5FA351F5B16942B1C651F91A /* GithubSearchVIPERInteractor.swift */ = {isa = PBXFileReference; lastKnownFileType = sourcecode.swift; path = GithubSearchVIPERInteractor.swift; sourceTree = "<group>"; };
		7D4851FC2E74B2C50CD3C436 /* GithubSearchMVVM02.storyboard */ = {isa = PBXFileReference; lastKnownFileType = file.storyboard; path = GithubSearchMVVM02.storyboard; sourceTree = "<group>"; };
		7FC9430E69C2223D89C48ED5 /* GithubAPI.swift */ = {isa = PBXFileReference; lastKnownFileType = sourcecode.swift; path = GithubAPI.swift; sourceTree = "<group>"; };
		83B6402AE953E386D7B4AC3C /* GithubSearchMVC01ViewController.swift */ = {isa = PBXFileReference; lastKnownFileType = sourcecode.swift; path = GithubSearchMVC01ViewController.swift; sourceTree = "<group>"; };
		84C8D7BB0E64F75104C81911 /* WebMVVMViewModel.swift */ = {isa = PBXFileReference; lastKnownFileType = sourcecode.swift; path = WebMVVMViewModel.swift; sourceTree = "<group>"; };
		875BC601700C984E092A5B1D /* Info.plist */ = {isa = PBXFileReference; lastKnownFileType = text.plist; path = Info.plist; sourceTree = "<group>"; };
		88E69CE9ABE02873CAF26464 /* Assets.xcassets */ = {isa = PBXFileReference; lastKnownFileType = folder.assetcatalog; path = Assets.xcassets; sourceTree = "<group>"; };
		8BD4411685020BFC35F6E2A6 /* GithubSearchMVVM01.storyboard */ = {isa = PBXFileReference; lastKnownFileType = file.storyboard; path = GithubSearchMVVM01.storyboard; sourceTree = "<group>"; };
		8D3463FE1E8113ECE133B233 /* GithubSearchVIPER02Router.swift */ = {isa = PBXFileReference; lastKnownFileType = sourcecode.swift; path = GithubSearchVIPER02Router.swift; sourceTree = "<group>"; };
		909C25806B743E778C2C9F06 /* GithubSearchVIPER02ViewHelper.swift */ = {isa = PBXFileReference; lastKnownFileType = sourcecode.swift; path = GithubSearchVIPER02ViewHelper.swift; sourceTree = "<group>"; };
		96F898868ADA66618BC5B716 /* UITableViewCell+.swift */ = {isa = PBXFileReference; lastKnownFileType = sourcecode.swift; path = "UITableViewCell+.swift"; sourceTree = "<group>"; };
		985299171CFEBF4FA5066DC0 /* Pods_SampleiOSArchitecture.framework */ = {isa = PBXFileReference; explicitFileType = wrapper.framework; includeInIndex = 0; path = Pods_SampleiOSArchitecture.framework; sourceTree = BUILT_PRODUCTS_DIR; };
		9A3BC27F8796DC7465898E0B /* RootViewController.swift */ = {isa = PBXFileReference; lastKnownFileType = sourcecode.swift; path = RootViewController.swift; sourceTree = "<group>"; };
		9DB4A6AB3B0932BE0018EBA1 /* WebMVC.storyboard */ = {isa = PBXFileReference; lastKnownFileType = file.storyboard; path = WebMVC.storyboard; sourceTree = "<group>"; };
		9E45FBED5E8286784719FE83 /* Storyboard+.swift */ = {isa = PBXFileReference; lastKnownFileType = sourcecode.swift; path = "Storyboard+.swift"; sourceTree = "<group>"; };
		A0DC208BE9E649DBCFCE1CDC /* Pods-SampleiOSArchitecture.release.xcconfig */ = {isa = PBXFileReference; includeInIndex = 1; lastKnownFileType = text.xcconfig; name = "Pods-SampleiOSArchitecture.release.xcconfig"; path = "Target Support Files/Pods-SampleiOSArchitecture/Pods-SampleiOSArchitecture.release.xcconfig"; sourceTree = "<group>"; };
		A9611E52F0219A4D2763DEF4 /* WebMVP.storyboard */ = {isa = PBXFileReference; lastKnownFileType = file.storyboard; path = WebMVP.storyboard; sourceTree = "<group>"; };
		AA1C5557D0AD80F7A139B2C7 /* GithubSearchPresenter.swift */ = {isa = PBXFileReference; lastKnownFileType = sourcecode.swift; path = GithubSearchPresenter.swift; sourceTree = "<group>"; };
		AEB8D0AB85E479072BC904E5 /* WebMVVMViewController.swift */ = {isa = PBXFileReference; lastKnownFileType = sourcecode.swift; path = WebMVVMViewController.swift; sourceTree = "<group>"; };
		B0289AFF4EAE38DB49B337A7 /* GithubAPI+Combine.swift */ = {isa = PBXFileReference; lastKnownFileType = sourcecode.swift; path = "GithubAPI+Combine.swift"; sourceTree = "<group>"; };
		B1B8F3310AD4859FE5B068AC /* AppDelegate.swift */ = {isa = PBXFileReference; lastKnownFileType = sourcecode.swift; path = AppDelegate.swift; sourceTree = "<group>"; };
		B3904DDF40A0F720597C114F /* WebMVVM.storyboard */ = {isa = PBXFileReference; lastKnownFileType = file.storyboard; path = WebMVVM.storyboard; sourceTree = "<group>"; };
		B3DE20B517E3D994E3F25131 /* WebMVCViewController.swift */ = {isa = PBXFileReference; lastKnownFileType = sourcecode.swift; path = WebMVCViewController.swift; sourceTree = "<group>"; };
		B68FD8FA3C181985715749E2 /* GithubSearchMVVM03.storyboard */ = {isa = PBXFileReference; lastKnownFileType = file.storyboard; path = GithubSearchMVVM03.storyboard; sourceTree = "<group>"; };
		B7D3089DC71B7A75E014B9B7 /* GithubModel.swift */ = {isa = PBXFileReference; lastKnownFileType = sourcecode.swift; path = GithubModel.swift; sourceTree = "<group>"; };
		C1F637902A03BE659C5CCCF8 /* GithubSearchMVVM02ViewController.swift */ = {isa = PBXFileReference; lastKnownFileType = sourcecode.swift; path = GithubSearchMVVM02ViewController.swift; sourceTree = "<group>"; };
		C5D4AF66DFDCC5F63ACF23E2 /* GithubSearchVIPER02View.swift */ = {isa = PBXFileReference; lastKnownFileType = sourcecode.swift; path = GithubSearchVIPER02View.swift; sourceTree = "<group>"; };
		C7D3EA4791EE8C3F0527797D /* GithubSearchMVVM03ViewController.swift */ = {isa = PBXFileReference; lastKnownFileType = sourcecode.swift; path = GithubSearchMVVM03ViewController.swift; sourceTree = "<group>"; };
		CA90EC6237DA793A81B4593A /* WebVIPERViewController.swift */ = {isa = PBXFileReference; lastKnownFileType = sourcecode.swift; path = WebVIPERViewController.swift; sourceTree = "<group>"; };
		D23623BA69CC1F37ABF060A4 /* GithubTableViewCell.xib */ = {isa = PBXFileReference; lastKnownFileType = file.xib; path = GithubTableViewCell.xib; sourceTree = "<group>"; };
		D3C31BC4FE470BC3288710AA /* ActivityIndicatorView.swift */ = {isa = PBXFileReference; lastKnownFileType = sourcecode.swift; path = ActivityIndicatorView.swift; sourceTree = "<group>"; };
		D6F6742FC2E01B47FE3F3E51 /* GithubSearchMVVM02ViewModel.swift */ = {isa = PBXFileReference; lastKnownFileType = sourcecode.swift; path = GithubSearchMVVM02ViewModel.swift; sourceTree = "<group>"; };
		D7407A6B6B4FC76E8DFDC196 /* GithubSearchVIPER02Interactor.swift */ = {isa = PBXFileReference; lastKnownFileType = sourcecode.swift; path = GithubSearchVIPER02Interactor.swift; sourceTree = "<group>"; };
		D9D74AC0216B041100AB3392 /* Router.swift */ = {isa = PBXFileReference; lastKnownFileType = sourcecode.swift; path = Router.swift; sourceTree = "<group>"; };
		DABA7831038E1E3F9C1D9219 /* WebVIPERPresenter.swift */ = {isa = PBXFileReference; lastKnownFileType = sourcecode.swift; path = WebVIPERPresenter.swift; sourceTree = "<group>"; };
		DC258B0A044ABFCE531CE358 /* SampleiOSArchitecture.app */ = {isa = PBXFileReference; includeInIndex = 0; lastKnownFileType = wrapper.application; path = SampleiOSArchitecture.app; sourceTree = BUILT_PRODUCTS_DIR; };
		DE0E6FE6FBEF9DD1F176CBEF /* GithubSearchMVVM01ViewModel.swift */ = {isa = PBXFileReference; lastKnownFileType = sourcecode.swift; path = GithubSearchMVVM01ViewModel.swift; sourceTree = "<group>"; };
		E76C749505C3DE8C408AA3BC /* WebMVPPresenter.swift */ = {isa = PBXFileReference; lastKnownFileType = sourcecode.swift; path = WebMVPPresenter.swift; sourceTree = "<group>"; };
		EC84B4B429D116EE69E19D51 /* WebVIPERInteractor.swift */ = {isa = PBXFileReference; lastKnownFileType = sourcecode.swift; path = WebVIPERInteractor.swift; sourceTree = "<group>"; };
		F130EBD6D0DD6EDD9324A6AA /* GithubTableViewCell.swift */ = {isa = PBXFileReference; lastKnownFileType = sourcecode.swift; path = GithubTableViewCell.swift; sourceTree = "<group>"; };
		FA7C216BED43AA4F75F88DC9 /* GithubSearchVIPERPresenter.swift */ = {isa = PBXFileReference; lastKnownFileType = sourcecode.swift; path = GithubSearchVIPERPresenter.swift; sourceTree = "<group>"; };
/* End PBXFileReference section */

/* Begin PBXFrameworksBuildPhase section */
		3EE0764CE2AD6E66E4E2EA66 /* Frameworks */ = {
			isa = PBXFrameworksBuildPhase;
			buildActionMask = 2147483647;
			files = (
				61B550EE374E53DCC573A835 /* CombineCocoa in Frameworks */,
				54D946B2AC41CE4ED9517EE8 /* Pods_SampleiOSArchitecture.framework in Frameworks */,
			);
			runOnlyForDeploymentPostprocessing = 0;
		};
/* End PBXFrameworksBuildPhase section */

/* Begin PBXGroup section */
		02DEAE2B0C83E62B8FE136D8 /* WebMVC */ = {
			isa = PBXGroup;
			children = (
				9DB4A6AB3B0932BE0018EBA1 /* WebMVC.storyboard */,
				B3DE20B517E3D994E3F25131 /* WebMVCViewController.swift */,
			);
			path = WebMVC;
			sourceTree = "<group>";
		};
		073CF6768B3CBAAD55BAB3A6 /* ViewModel */ = {
			isa = PBXGroup;
			children = (
				DE0E6FE6FBEF9DD1F176CBEF /* GithubSearchMVVM01ViewModel.swift */,
			);
			path = ViewModel;
			sourceTree = "<group>";
		};
		0881316DFB03FBF12A8E031A /* ViewHelper */ = {
			isa = PBXGroup;
			children = (
				909C25806B743E778C2C9F06 /* GithubSearchVIPER02ViewHelper.swift */,
			);
			path = ViewHelper;
			sourceTree = "<group>";
		};
		0E1A3FE9D26F9E5A816D3C5D /* ViewModel */ = {
			isa = PBXGroup;
			children = (
				D6F6742FC2E01B47FE3F3E51 /* GithubSearchMVVM02ViewModel.swift */,
			);
			path = ViewModel;
			sourceTree = "<group>";
		};
		2CF0A84E07AE6FF508176138 /* ViewController */ = {
			isa = PBXGroup;
			children = (
				7D4851FC2E74B2C50CD3C436 /* GithubSearchMVVM02.storyboard */,
				C1F637902A03BE659C5CCCF8 /* GithubSearchMVVM02ViewController.swift */,
			);
			path = ViewController;
			sourceTree = "<group>";
		};
		2D69156226BD2105372864D3 /* GithubSearchVIPER01 */ = {
			isa = PBXGroup;
			children = (
				D80047255A2CC49A6EDD8CDA /* Entity */,
				32AF554D736BBE7BA5B0E7D3 /* Interactor */,
				A8199B03535054D87EDA512C /* Presenter */,
				C77FF2A584326383D85B64CE /* Router */,
				956A6B8265C2DB3775BF450C /* ViewController */,
			);
			path = GithubSearchVIPER01;
			sourceTree = "<group>";
		};
		3046C886F02C4FB63351CCA9 /* Pods */ = {
			isa = PBXGroup;
			children = (
				19D9EBC21930A5C3BD3E9B99 /* Pods-SampleiOSArchitecture.debug.xcconfig */,
				A0DC208BE9E649DBCFCE1CDC /* Pods-SampleiOSArchitecture.release.xcconfig */,
			);
			path = Pods;
			sourceTree = "<group>";
		};
		3256E74482642D36E80F0601 /* GithubSearchMVVM01 */ = {
			isa = PBXGroup;
			children = (
				4FBE918EB4E54B9B223E2825 /* Extension */,
				CD95FC2C7B7FF17F8F088894 /* ViewController */,
				073CF6768B3CBAAD55BAB3A6 /* ViewModel */,
			);
			path = GithubSearchMVVM01;
			sourceTree = "<group>";
		};
		32AF554D736BBE7BA5B0E7D3 /* Interactor */ = {
			isa = PBXGroup;
			children = (
				5FA351F5B16942B1C651F91A /* GithubSearchVIPERInteractor.swift */,
			);
			path = Interactor;
			sourceTree = "<group>";
		};
		33827311D8211B1A226B7DE8 /* Extension */ = {
			isa = PBXGroup;
			children = (
				B0289AFF4EAE38DB49B337A7 /* GithubAPI+Combine.swift */,
			);
			path = Extension;
			sourceTree = "<group>";
		};
		40EE3AFDB57FB80A785C2DC7 /* MVC */ = {
			isa = PBXGroup;
			children = (
				AAB0CA374EEFFC9C424F0DB9 /* GithuSearchMVC01 */,
				02DEAE2B0C83E62B8FE136D8 /* WebMVC */,
			);
			path = MVC;
			sourceTree = "<group>";
		};
		447826B58FF1F74BD02A45C3 /* Interactor */ = {
			isa = PBXGroup;
			children = (
				D7407A6B6B4FC76E8DFDC196 /* GithubSearchVIPER02Interactor.swift */,
			);
			path = Interactor;
			sourceTree = "<group>";
		};
		4AE7FB6CD5F889274B999628 /* GithubTableViewCell */ = {
			isa = PBXGroup;
			children = (
				F130EBD6D0DD6EDD9324A6AA /* GithubTableViewCell.swift */,
				D23623BA69CC1F37ABF060A4 /* GithubTableViewCell.xib */,
			);
			path = GithubTableViewCell;
			sourceTree = "<group>";
		};
		4FBE918EB4E54B9B223E2825 /* Extension */ = {
			isa = PBXGroup;
			children = (
				0BA0DB5228893E68337D368F /* GithubAPI+Rx.swift */,
			);
			path = Extension;
			sourceTree = "<group>";
		};
		5470D21407800338B9328D8D /* Router */ = {
			isa = PBXGroup;
			children = (
				8D3463FE1E8113ECE133B233 /* GithubSearchVIPER02Router.swift */,
			);
			path = Router;
			sourceTree = "<group>";
		};
		54B7CD2046DE549A149BC0EC /* ViewController */ = {
			isa = PBXGroup;
			children = (
				A9611E52F0219A4D2763DEF4 /* WebMVP.storyboard */,
				03B87DAFF25C31793A297D15 /* WebMVPViewController.swift */,
			);
			path = ViewController;
			sourceTree = "<group>";
		};
		58CC90DE1758A1741168739C /* Model */ = {
			isa = PBXGroup;
			children = (
				B7D3089DC71B7A75E014B9B7 /* GithubModel.swift */,
			);
			path = Model;
			sourceTree = "<group>";
		};
		5FACF21E72C1683C8ED8E7B4 /* Architecture */ = {
			isa = PBXGroup;
			children = (
				40EE3AFDB57FB80A785C2DC7 /* MVC */,
				A57EDE6EA13666D603E77445 /* MVP */,
				DEED0D058B9E3C3EEC869B5F /* MVVM */,
				985E9AFD075F53CC8D1A884A /* VIPER */,
			);
			path = Architecture;
			sourceTree = "<group>";
		};
		676A8BF87A69AF840B6046E9 /* GithubSearchMVVM02 */ = {
			isa = PBXGroup;
			children = (
				33827311D8211B1A226B7DE8 /* Extension */,
				2CF0A84E07AE6FF508176138 /* ViewController */,
				0E1A3FE9D26F9E5A816D3C5D /* ViewModel */,
			);
			path = GithubSearchMVVM02;
			sourceTree = "<group>";
		};
		6C374D22F2418160BDC09F88 /* ViewController */ = {
			isa = PBXGroup;
			children = (
				B68FD8FA3C181985715749E2 /* GithubSearchMVVM03.storyboard */,
				C7D3EA4791EE8C3F0527797D /* GithubSearchMVVM03ViewController.swift */,
			);
			path = ViewController;
			sourceTree = "<group>";
		};
		6C52C0C4D71F0705172D75A6 = {
			isa = PBXGroup;
			children = (
				CB7DCFB8975B36D69F9686F8 /* SampleiOSArchitecture */,
				FCB347B440AE861AB6DE9D91 /* Products */,
				3046C886F02C4FB63351CCA9 /* Pods */,
				DD281831208E7E441C229D39 /* Frameworks */,
			);
			sourceTree = "<group>";
		};
		6E1B55E8A20E6EA75D851AEC /* View */ = {
			isa = PBXGroup;
			children = (
				C5D4AF66DFDCC5F63ACF23E2 /* GithubSearchVIPER02View.swift */,
			);
			path = View;
			sourceTree = "<group>";
		};
		752A6C50955A8895562E9E68 /* Presenter */ = {
			isa = PBXGroup;
			children = (
				AA1C5557D0AD80F7A139B2C7 /* GithubSearchPresenter.swift */,
			);
			path = Presenter;
			sourceTree = "<group>";
		};
		76B96C58033F83EE15918FB2 /* Router */ = {
			isa = PBXGroup;
			children = (
				5BBAE9CB4D7FD9184F597EDD /* WebVIPERRouter.swift */,
			);
			path = Router;
			sourceTree = "<group>";
		};
		7A7174FE4ED5A0056BE8EADA /* WebVIPER */ = {
			isa = PBXGroup;
			children = (
				950E9590EFA88948AE28D671 /* Interactor */,
				C9CE81D09A2F5194CBAB8FF8 /* Presenter */,
				76B96C58033F83EE15918FB2 /* Router */,
				E3954FCF16DBED771BF3834B /* ViewController */,
			);
			path = WebVIPER;
			sourceTree = "<group>";
		};
		950E9590EFA88948AE28D671 /* Interactor */ = {
			isa = PBXGroup;
			children = (
				EC84B4B429D116EE69E19D51 /* WebVIPERInteractor.swift */,
			);
			path = Interactor;
			sourceTree = "<group>";
		};
		956A6B8265C2DB3775BF450C /* ViewController */ = {
			isa = PBXGroup;
			children = (
				31440491620CA04F93A54AB4 /* GithubSearchVIPER.storyboard */,
				0AE001E1648BA19D88DBAC81 /* GithubSearchVIPERViewController.swift */,
			);
			path = ViewController;
			sourceTree = "<group>";
		};
		985E9AFD075F53CC8D1A884A /* VIPER */ = {
			isa = PBXGroup;
			children = (
				2D69156226BD2105372864D3 /* GithubSearchVIPER01 */,
				BB5D58146171E66536BB5403 /* GithubSearchVIPER02 */,
				7A7174FE4ED5A0056BE8EADA /* WebVIPER */,
			);
			path = VIPER;
			sourceTree = "<group>";
		};
		99324731DC3B26065E8D896B /* GithubSearchMVVM03 */ = {
			isa = PBXGroup;
			children = (
				6C374D22F2418160BDC09F88 /* ViewController */,
				9A1BF95902C7840E970D4451 /* ViewModel */,
			);
			path = GithubSearchMVVM03;
			sourceTree = "<group>";
		};
		9A1BF95902C7840E970D4451 /* ViewModel */ = {
			isa = PBXGroup;
			children = (
				0AA3F7FF80ADEC7C6EB11A3D /* GithubSearchMVVM03ViewModel.swift */,
			);
			path = ViewModel;
			sourceTree = "<group>";
		};
		A43C16481D13015FE77925F8 /* Entity */ = {
			isa = PBXGroup;
			children = (
				268DE0612EB833FD54E6CA63 /* GithubSearchVIPER02Entity.swift */,
			);
			path = Entity;
			sourceTree = "<group>";
		};
		A57EDE6EA13666D603E77445 /* MVP */ = {
			isa = PBXGroup;
			children = (
				E4BA23E3DBEA3ABE99E65BA6 /* GithubSearchMVP */,
				EE04A2A59C0BE634621CB461 /* WebMVP */,
			);
			path = MVP;
			sourceTree = "<group>";
		};
		A6596B540BA403C926F588CB /* ViewController */ = {
			isa = PBXGroup;
			children = (
				393E01127790472157B259AA /* GithubSearchMVP.storyboard */,
				228D82B2C1131DEB2681ED18 /* GithubSearchMVPViewController.swift */,
			);
			path = ViewController;
			sourceTree = "<group>";
		};
		A8199B03535054D87EDA512C /* Presenter */ = {
			isa = PBXGroup;
			children = (
				FA7C216BED43AA4F75F88DC9 /* GithubSearchVIPERPresenter.swift */,
			);
			path = Presenter;
			sourceTree = "<group>";
		};
		A99A2F6038CAF3F90357F48F /* ViewModel */ = {
			isa = PBXGroup;
			children = (
				84C8D7BB0E64F75104C81911 /* WebMVVMViewModel.swift */,
			);
			path = ViewModel;
			sourceTree = "<group>";
		};
		AAB0CA374EEFFC9C424F0DB9 /* GithuSearchMVC01 */ = {
			isa = PBXGroup;
			children = (
				4DF1AC4B4EE8D9EE4282B6C0 /* GithubSearchMVC01.storyboard */,
				83B6402AE953E386D7B4AC3C /* GithubSearchMVC01ViewController.swift */,
			);
			path = GithuSearchMVC01;
			sourceTree = "<group>";
		};
		AB075CCBF19115E8C29397CA /* View */ = {
			isa = PBXGroup;
			children = (
				249959954954C497D6C389BC /* GithubSearchVIPER02Cell.swift */,
				D3C31BC4FE470BC3288710AA /* ActivityIndicatorView.swift */,
				4AE7FB6CD5F889274B999628 /* GithubTableViewCell */,
			);
			path = View;
			sourceTree = "<group>";
		};
		ADDFD623F86BF3DD102E5112 /* Presenter */ = {
			isa = PBXGroup;
			children = (
				E76C749505C3DE8C408AA3BC /* WebMVPPresenter.swift */,
			);
			path = Presenter;
			sourceTree = "<group>";
		};
		B3C2BD51394560EDA0E8CA21 /* Presenter */ = {
			isa = PBXGroup;
			children = (
				598E6A183044C6BF9938E209 /* GithubSearchVIPER02Presenter.swift */,
			);
			path = Presenter;
			sourceTree = "<group>";
		};
		BB5D58146171E66536BB5403 /* GithubSearchVIPER02 */ = {
			isa = PBXGroup;
			children = (
				A43C16481D13015FE77925F8 /* Entity */,
				447826B58FF1F74BD02A45C3 /* Interactor */,
				B3C2BD51394560EDA0E8CA21 /* Presenter */,
				5470D21407800338B9328D8D /* Router */,
				6E1B55E8A20E6EA75D851AEC /* View */,
				0881316DFB03FBF12A8E031A /* ViewHelper */,
			);
			path = GithubSearchVIPER02;
			sourceTree = "<group>";
		};
		C77FF2A584326383D85B64CE /* Router */ = {
			isa = PBXGroup;
			children = (
				3274A59D112CCC39F185AC55 /* GithubSearchVIPERRouter.swift */,
			);
			path = Router;
			sourceTree = "<group>";
		};
		C9CE81D09A2F5194CBAB8FF8 /* Presenter */ = {
			isa = PBXGroup;
			children = (
				DABA7831038E1E3F9C1D9219 /* WebVIPERPresenter.swift */,
			);
			path = Presenter;
			sourceTree = "<group>";
		};
		CB7DCFB8975B36D69F9686F8 /* SampleiOSArchitecture */ = {
			isa = PBXGroup;
			children = (
				B1B8F3310AD4859FE5B068AC /* AppDelegate.swift */,
				88E69CE9ABE02873CAF26464 /* Assets.xcassets */,
				875BC601700C984E092A5B1D /* Info.plist */,
				8126924E39401AF5F6263D0F /* LaunchScreen.storyboard */,
				9A3BC27F8796DC7465898E0B /* RootViewController.swift */,
				5FACF21E72C1683C8ED8E7B4 /* Architecture */,
				F5771F94927A3C72FFF18AA1 /* Extension */,
				58CC90DE1758A1741168739C /* Model */,
				FE37F8E622471AF2A5F6C5B4 /* Router */,
				E83FA23361EE09E541393910 /* Utility */,
				AB075CCBF19115E8C29397CA /* View */,
			);
			path = SampleiOSArchitecture;
			sourceTree = "<group>";
		};
		CD95FC2C7B7FF17F8F088894 /* ViewController */ = {
			isa = PBXGroup;
			children = (
				8BD4411685020BFC35F6E2A6 /* GithubSearchMVVM01.storyboard */,
				34C249C6164C11801FC93949 /* GithubSearchMVVM01ViewController.swift */,
			);
			path = ViewController;
			sourceTree = "<group>";
		};
		CF5A09DDCF168FC03AF8DA6D /* ViewController */ = {
			isa = PBXGroup;
			children = (
				B3904DDF40A0F720597C114F /* WebMVVM.storyboard */,
				AEB8D0AB85E479072BC904E5 /* WebMVVMViewController.swift */,
			);
			path = ViewController;
			sourceTree = "<group>";
		};
		D3BBDA2B33E850F6DF55B123 /* WebMVVM */ = {
			isa = PBXGroup;
			children = (
				CF5A09DDCF168FC03AF8DA6D /* ViewController */,
				A99A2F6038CAF3F90357F48F /* ViewModel */,
			);
			path = WebMVVM;
			sourceTree = "<group>";
		};
		D80047255A2CC49A6EDD8CDA /* Entity */ = {
			isa = PBXGroup;
			children = (
				5058FB3315C8BD81D6DCA2EA /* GithubSearchVIPEREntity.swift */,
			);
			path = Entity;
			sourceTree = "<group>";
		};
		DD281831208E7E441C229D39 /* Frameworks */ = {
			isa = PBXGroup;
			children = (
				985299171CFEBF4FA5066DC0 /* Pods_SampleiOSArchitecture.framework */,
			);
			name = Frameworks;
			sourceTree = "<group>";
		};
		DEED0D058B9E3C3EEC869B5F /* MVVM */ = {
			isa = PBXGroup;
			children = (
				3256E74482642D36E80F0601 /* GithubSearchMVVM01 */,
				676A8BF87A69AF840B6046E9 /* GithubSearchMVVM02 */,
				99324731DC3B26065E8D896B /* GithubSearchMVVM03 */,
				D3BBDA2B33E850F6DF55B123 /* WebMVVM */,
			);
			path = MVVM;
			sourceTree = "<group>";
		};
		E3954FCF16DBED771BF3834B /* ViewController */ = {
			isa = PBXGroup;
			children = (
				1F18264CB63E228BFCC4D646 /* WebVIPER.storyboard */,
				CA90EC6237DA793A81B4593A /* WebVIPERViewController.swift */,
			);
			path = ViewController;
			sourceTree = "<group>";
		};
		E4BA23E3DBEA3ABE99E65BA6 /* GithubSearchMVP */ = {
			isa = PBXGroup;
			children = (
				752A6C50955A8895562E9E68 /* Presenter */,
				A6596B540BA403C926F588CB /* ViewController */,
			);
			path = GithubSearchMVP;
			sourceTree = "<group>";
		};
		E83FA23361EE09E541393910 /* Utility */ = {
			isa = PBXGroup;
			children = (
				7FC9430E69C2223D89C48ED5 /* GithubAPI.swift */,
			);
			path = Utility;
			sourceTree = "<group>";
		};
		EE04A2A59C0BE634621CB461 /* WebMVP */ = {
			isa = PBXGroup;
			children = (
				ADDFD623F86BF3DD102E5112 /* Presenter */,
				54B7CD2046DE549A149BC0EC /* ViewController */,
			);
			path = WebMVP;
			sourceTree = "<group>";
		};
		F5771F94927A3C72FFF18AA1 /* Extension */ = {
			isa = PBXGroup;
			children = (
				9E45FBED5E8286784719FE83 /* Storyboard+.swift */,
				96F898868ADA66618BC5B716 /* UITableViewCell+.swift */,
				4503D5CD97E6ED8D1B745F08 /* UIViewController+.swift */,
			);
			path = Extension;
			sourceTree = "<group>";
		};
		FCB347B440AE861AB6DE9D91 /* Products */ = {
			isa = PBXGroup;
			children = (
				DC258B0A044ABFCE531CE358 /* SampleiOSArchitecture.app */,
			);
			name = Products;
			sourceTree = "<group>";
		};
		FE37F8E622471AF2A5F6C5B4 /* Router */ = {
			isa = PBXGroup;
			children = (
				D9D74AC0216B041100AB3392 /* Router.swift */,
			);
			path = Router;
			sourceTree = "<group>";
		};
/* End PBXGroup section */

/* Begin PBXNativeTarget section */
		62A8E33E069942A6B468B385 /* SampleiOSArchitecture */ = {
			isa = PBXNativeTarget;
			buildConfigurationList = 9A3829F26B9EF09595695E67 /* Build configuration list for PBXNativeTarget "SampleiOSArchitecture" */;
			buildPhases = (
				1A18457A7C6694A40370ADE8 /* [CP] Check Pods Manifest.lock */,
				D2DB8CF9A09930BDDFD86CE0 /* Run Script(Swiftformat) */,
				05237B8A32C07C40008BA0F3 /* Run Script(SwiftLint) */,
				EED9B316F1E18CA731C459E9 /* Sources */,
				8F3B412F0C3D476D1EA6C33A /* Resources */,
				3EE0764CE2AD6E66E4E2EA66 /* Frameworks */,
				86447C6015005A80974E3A3E /* [CP] Embed Pods Frameworks */,
			);
			buildRules = (
			);
			dependencies = (
			);
			name = SampleiOSArchitecture;
			packageProductDependencies = (
				D9EC1931114F903F39C91D9B /* CombineCocoa */,
			);
			productName = SampleiOSArchitecture;
			productReference = DC258B0A044ABFCE531CE358 /* SampleiOSArchitecture.app */;
			productType = "com.apple.product-type.application";
		};
/* End PBXNativeTarget section */

/* Begin PBXProject section */
		0AB83D09D3E47C86B48D95A1 /* Project object */ = {
			isa = PBXProject;
			attributes = {
				LastUpgradeCheck = 1200;
			};
			buildConfigurationList = 713156F96FF2760CC6C0DD56 /* Build configuration list for PBXProject "SampleiOSArchitecture" */;
			compatibilityVersion = "Xcode 10.0";
			developmentRegion = en;
			hasScannedForEncodings = 0;
			knownRegions = (
				Base,
				en,
			);
			mainGroup = 6C52C0C4D71F0705172D75A6;
			packageReferences = (
				CD0EB3436756FFA54F9B530E /* XCRemoteSwiftPackageReference "CombineCocoa" */,
			);
			productRefGroup = FCB347B440AE861AB6DE9D91 /* Products */;
			projectDirPath = "";
			projectRoot = "";
			targets = (
				62A8E33E069942A6B468B385 /* SampleiOSArchitecture */,
			);
		};
/* End PBXProject section */

/* Begin PBXResourcesBuildPhase section */
		8F3B412F0C3D476D1EA6C33A /* Resources */ = {
			isa = PBXResourcesBuildPhase;
			buildActionMask = 2147483647;
			files = (
				10179DDD9A905A12004FCAF2 /* Assets.xcassets in Resources */,
				94DDBEEB2B108871706E33A6 /* GithubSearchMVC01.storyboard in Resources */,
				D39536E0264ED61990C58FF1 /* GithubSearchMVP.storyboard in Resources */,
				58C547CFFC111DB26AEA30AD /* GithubSearchMVVM01.storyboard in Resources */,
				3F4BE5035549FC981C0AF5BE /* GithubSearchMVVM02.storyboard in Resources */,
				8A0263DF7E946ADF00F3E1BD /* GithubSearchMVVM03.storyboard in Resources */,
				14144DBCD82783F2720A494E /* GithubSearchVIPER.storyboard in Resources */,
				8C381A52B29884C7CFAC3DAC /* GithubTableViewCell.xib in Resources */,
				DF918CD2EBA8E9FECD62323B /* LaunchScreen.storyboard in Resources */,
				969BE4F20BD3067F387B1EE5 /* WebMVC.storyboard in Resources */,
				44C52B120CCEA62D188D51E0 /* WebMVP.storyboard in Resources */,
				C26C32C7EA835CB45AA6D366 /* WebMVVM.storyboard in Resources */,
				0E8B294514CA4AC64B64720B /* WebVIPER.storyboard in Resources */,
			);
			runOnlyForDeploymentPostprocessing = 0;
		};
/* End PBXResourcesBuildPhase section */

/* Begin PBXShellScriptBuildPhase section */
		05237B8A32C07C40008BA0F3 /* Run Script(SwiftLint) */ = {
			isa = PBXShellScriptBuildPhase;
			buildActionMask = 2147483647;
			files = (
			);
			inputFileListPaths = (
			);
			inputPaths = (
			);
			name = "Run Script(SwiftLint)";
			outputFileListPaths = (
			);
			outputPaths = (
			);
			runOnlyForDeploymentPostprocessing = 0;
			shellPath = /bin/sh;
			shellScript = "if which swiftlint >/dev/null; then\n  swiftlint\nelse\n  echo \"warning: Mintがインストールされていません。こちらからダウンロードしてください https://github.com/yonaskolb/Mint\"\nfi";
		};
		1A18457A7C6694A40370ADE8 /* [CP] Check Pods Manifest.lock */ = {
			isa = PBXShellScriptBuildPhase;
			buildActionMask = 2147483647;
			files = (
			);
			inputFileListPaths = (
			);
			inputPaths = (
				"${PODS_PODFILE_DIR_PATH}/Podfile.lock",
				"${PODS_ROOT}/Manifest.lock",
			);
			name = "[CP] Check Pods Manifest.lock";
			outputFileListPaths = (
			);
			outputPaths = (
				"$(DERIVED_FILE_DIR)/Pods-SampleiOSArchitecture-checkManifestLockResult.txt",
			);
			runOnlyForDeploymentPostprocessing = 0;
			shellPath = /bin/sh;
			shellScript = "diff \"${PODS_PODFILE_DIR_PATH}/Podfile.lock\" \"${PODS_ROOT}/Manifest.lock\" > /dev/null\nif [ $? != 0 ] ; then\n    # print error to STDERR\n    echo \"error: The sandbox is not in sync with the Podfile.lock. Run 'pod install' or update your CocoaPods installation.\" >&2\n    exit 1\nfi\n# This output is used by Xcode 'outputs' to avoid re-running this script phase.\necho \"SUCCESS\" > \"${SCRIPT_OUTPUT_FILE_0}\"\n";
			showEnvVarsInLog = 0;
		};
		86447C6015005A80974E3A3E /* [CP] Embed Pods Frameworks */ = {
			isa = PBXShellScriptBuildPhase;
			buildActionMask = 2147483647;
			files = (
			);
			inputFileListPaths = (
				"${PODS_ROOT}/Target Support Files/Pods-SampleiOSArchitecture/Pods-SampleiOSArchitecture-frameworks-${CONFIGURATION}-input-files.xcfilelist",
			);
			name = "[CP] Embed Pods Frameworks";
			outputFileListPaths = (
				"${PODS_ROOT}/Target Support Files/Pods-SampleiOSArchitecture/Pods-SampleiOSArchitecture-frameworks-${CONFIGURATION}-output-files.xcfilelist",
			);
			runOnlyForDeploymentPostprocessing = 0;
			shellPath = /bin/sh;
			shellScript = "\"${PODS_ROOT}/Target Support Files/Pods-SampleiOSArchitecture/Pods-SampleiOSArchitecture-frameworks.sh\"\n";
			showEnvVarsInLog = 0;
		};
		D2DB8CF9A09930BDDFD86CE0 /* Run Script(Swiftformat) */ = {
			isa = PBXShellScriptBuildPhase;
			buildActionMask = 2147483647;
			files = (
			);
			inputFileListPaths = (
			);
			inputPaths = (
			);
			name = "Run Script(Swiftformat)";
			outputFileListPaths = (
			);
			outputPaths = (
			);
			runOnlyForDeploymentPostprocessing = 0;
			shellPath = /bin/sh;
			shellScript = "if which mint >/dev/null; then\n  git diff --name-only | grep .swift | while read filename; do\n    mint run swiftformat \"$filename\" --swiftversion 5\n  done\nelse\n  echo \"warning: Mintがインストールされていません。こちらからダウンロードしてください https://github.com/yonaskolb/Mint\"\nfi\n";
		};
/* End PBXShellScriptBuildPhase section */

/* Begin PBXSourcesBuildPhase section */
		EED9B316F1E18CA731C459E9 /* Sources */ = {
			isa = PBXSourcesBuildPhase;
			buildActionMask = 2147483647;
			files = (
				D808F23F37B6D818CC3F0810 /* ActivityIndicatorView.swift in Sources */,
				2F18C55B099369226C83EA6C /* AppDelegate.swift in Sources */,
				81ACE1DCC8F96413D351AE68 /* GithubAPI+Combine.swift in Sources */,
				40FB13CE23633FB52712C5F4 /* GithubAPI+Rx.swift in Sources */,
				7F14959253A6A8BF5D0D81B7 /* GithubAPI.swift in Sources */,
				95209C9F97620D1729E91F7D /* GithubModel.swift in Sources */,
				86979ABA382D6043B36097BA /* GithubSearchMVC01ViewController.swift in Sources */,
				90F145AB7406B47DB5E2B770 /* GithubSearchMVPViewController.swift in Sources */,
				0AFA79DD68C2D5A177D03569 /* GithubSearchMVVM01ViewController.swift in Sources */,
				D6C87ADBDB05E8164200F2E3 /* GithubSearchMVVM01ViewModel.swift in Sources */,
				883A92B88B21758A72B6AB71 /* GithubSearchMVVM02ViewController.swift in Sources */,
				36A53B81B1835166A9AA36E6 /* GithubSearchMVVM02ViewModel.swift in Sources */,
				81A2D8E03B9E0CEBCDC822A5 /* GithubSearchMVVM03ViewController.swift in Sources */,
				C3D353C59C917C744B536E9D /* GithubSearchMVVM03ViewModel.swift in Sources */,
				48823EC50616A2171A619450 /* GithubSearchPresenter.swift in Sources */,
				5B581753815A9FD48D10D689 /* GithubSearchVIPER02Cell.swift in Sources */,
				0A85F77497044EDA17D347E5 /* GithubSearchVIPER02Entity.swift in Sources */,
				78ED581507447DF9956D98B0 /* GithubSearchVIPER02Interactor.swift in Sources */,
				C21FC22B0A2F739932B31B1B /* GithubSearchVIPER02Presenter.swift in Sources */,
				735B006AD3400C301F203703 /* GithubSearchVIPER02Router.swift in Sources */,
				2771E90FBC1C3CAFE6AA88FE /* GithubSearchVIPER02View.swift in Sources */,
				7A16EFB1CD043B8D2DDC4332 /* GithubSearchVIPER02ViewHelper.swift in Sources */,
				C4E5A65EA2BF63125BD9314B /* GithubSearchVIPEREntity.swift in Sources */,
				3FBB7B61B57FAEA914204463 /* GithubSearchVIPERInteractor.swift in Sources */,
				9FD2455B0AA3A3D2BF16B734 /* GithubSearchVIPERPresenter.swift in Sources */,
				BE769FFB88C98D2636DF3B55 /* GithubSearchVIPERRouter.swift in Sources */,
				EF46D7A1E2D33362150FD37D /* GithubSearchVIPERViewController.swift in Sources */,
				DE7425557B6547AE5A0C8BBE /* GithubTableViewCell.swift in Sources */,
				6DE5EBEF50445F1993C0F40A /* RootViewController.swift in Sources */,
				8588E593C791BA4B5C43EA20 /* Router.swift in Sources */,
				F78C9D92608B5F7A86DA9CF1 /* Storyboard+.swift in Sources */,
				8F6ABDA05CE731F4749A6CA6 /* UITableViewCell+.swift in Sources */,
				56E302E6E7926ABDD4A83371 /* UIViewController+.swift in Sources */,
				7ABEBC71C9BDAA9F749DD426 /* WebMVCViewController.swift in Sources */,
				4F71771932D0485D88CD78E2 /* WebMVPPresenter.swift in Sources */,
				A4B31609D4E9CE8F53034E86 /* WebMVPViewController.swift in Sources */,
				89B109945A4A245A6D119997 /* WebMVVMViewController.swift in Sources */,
				88345FB759263F69D1B39D27 /* WebMVVMViewModel.swift in Sources */,
				4CB0526A515EBEE22155140E /* WebVIPERInteractor.swift in Sources */,
				5E2A265DC52C26E5619A1894 /* WebVIPERPresenter.swift in Sources */,
				3C1A252346944B88E0CAE31B /* WebVIPERRouter.swift in Sources */,
				5144642C300FCDA3FA843105 /* WebVIPERViewController.swift in Sources */,
			);
			runOnlyForDeploymentPostprocessing = 0;
		};
/* End PBXSourcesBuildPhase section */

/* Begin PBXVariantGroup section */
		8126924E39401AF5F6263D0F /* LaunchScreen.storyboard */ = {
			isa = PBXVariantGroup;
			children = (
				2E138F787C1D48CD47AE493C /* Base */,
			);
			name = LaunchScreen.storyboard;
			sourceTree = "<group>";
		};
/* End PBXVariantGroup section */

/* Begin XCBuildConfiguration section */
		00444B30366141674715EF76 /* Debug */ = {
			isa = XCBuildConfiguration;
			baseConfigurationReference = 19D9EBC21930A5C3BD3E9B99 /* Pods-SampleiOSArchitecture.debug.xcconfig */;
			buildSettings = {
				ASSETCATALOG_COMPILER_APPICON_NAME = AppIcon;
				CODE_SIGN_IDENTITY = "iPhone Developer";
				INFOPLIST_FILE = SampleiOSArchitecture/Info.plist;
				LD_RUNPATH_SEARCH_PATHS = (
					"$(inherited)",
					"@executable_path/Frameworks",
				);
				PRODUCT_BUNDLE_IDENTIFIER = com.sakiyamaK.SampleiOSArchitecture;
				SDKROOT = iphoneos;
				TARGETED_DEVICE_FAMILY = "1,2";
			};
			name = Debug;
		};
		6554B4E03D9CAF0DB46E9F02 /* Release */ = {
			isa = XCBuildConfiguration;
			baseConfigurationReference = A0DC208BE9E649DBCFCE1CDC /* Pods-SampleiOSArchitecture.release.xcconfig */;
			buildSettings = {
				ASSETCATALOG_COMPILER_APPICON_NAME = AppIcon;
				CODE_SIGN_IDENTITY = "iPhone Developer";
				INFOPLIST_FILE = SampleiOSArchitecture/Info.plist;
				LD_RUNPATH_SEARCH_PATHS = (
					"$(inherited)",
					"@executable_path/Frameworks",
				);
				PRODUCT_BUNDLE_IDENTIFIER = com.sakiyamaK.SampleiOSArchitecture;
				SDKROOT = iphoneos;
				TARGETED_DEVICE_FAMILY = "1,2";
			};
			name = Release;
		};
		AB9502080A37884D4EB118C2 /* Debug */ = {
			isa = XCBuildConfiguration;
			buildSettings = {
				ALWAYS_SEARCH_USER_PATHS = NO;
				CLANG_ANALYZER_NONNULL = YES;
				CLANG_ANALYZER_NUMBER_OBJECT_CONVERSION = YES_AGGRESSIVE;
				CLANG_CXX_LANGUAGE_STANDARD = "gnu++14";
				CLANG_CXX_LIBRARY = "libc++";
				CLANG_ENABLE_MODULES = YES;
				CLANG_ENABLE_OBJC_ARC = YES;
				CLANG_ENABLE_OBJC_WEAK = YES;
				CLANG_WARN_BLOCK_CAPTURE_AUTORELEASING = YES;
				CLANG_WARN_BOOL_CONVERSION = YES;
				CLANG_WARN_COMMA = YES;
				CLANG_WARN_CONSTANT_CONVERSION = YES;
				CLANG_WARN_DEPRECATED_OBJC_IMPLEMENTATIONS = YES;
				CLANG_WARN_DIRECT_OBJC_ISA_USAGE = YES_ERROR;
				CLANG_WARN_DOCUMENTATION_COMMENTS = YES;
				CLANG_WARN_EMPTY_BODY = YES;
				CLANG_WARN_ENUM_CONVERSION = YES;
				CLANG_WARN_INFINITE_RECURSION = YES;
				CLANG_WARN_INT_CONVERSION = YES;
				CLANG_WARN_NON_LITERAL_NULL_CONVERSION = YES;
				CLANG_WARN_OBJC_IMPLICIT_RETAIN_SELF = YES;
				CLANG_WARN_OBJC_LITERAL_CONVERSION = YES;
				CLANG_WARN_OBJC_ROOT_CLASS = YES_ERROR;
				CLANG_WARN_QUOTED_INCLUDE_IN_FRAMEWORK_HEADER = YES;
				CLANG_WARN_RANGE_LOOP_ANALYSIS = YES;
				CLANG_WARN_STRICT_PROTOTYPES = YES;
				CLANG_WARN_SUSPICIOUS_MOVE = YES;
				CLANG_WARN_UNGUARDED_AVAILABILITY = YES_AGGRESSIVE;
				CLANG_WARN_UNREACHABLE_CODE = YES;
				CLANG_WARN__DUPLICATE_METHOD_MATCH = YES;
				COPY_PHASE_STRIP = NO;
				DEBUG_INFORMATION_FORMAT = dwarf;
				ENABLE_STRICT_OBJC_MSGSEND = YES;
				ENABLE_TESTABILITY = YES;
				GCC_C_LANGUAGE_STANDARD = gnu11;
				GCC_DYNAMIC_NO_PIC = NO;
				GCC_NO_COMMON_BLOCKS = YES;
				GCC_OPTIMIZATION_LEVEL = 0;
				GCC_PREPROCESSOR_DEFINITIONS = (
					"$(inherited)",
					"DEBUG=1",
				);
				GCC_WARN_64_TO_32_BIT_CONVERSION = YES;
				GCC_WARN_ABOUT_RETURN_TYPE = YES_ERROR;
				GCC_WARN_UNDECLARED_SELECTOR = YES;
				GCC_WARN_UNINITIALIZED_AUTOS = YES_AGGRESSIVE;
				GCC_WARN_UNUSED_FUNCTION = YES;
				GCC_WARN_UNUSED_VARIABLE = YES;
				IPHONEOS_DEPLOYMENT_TARGET = 13.0;
				MTL_ENABLE_DEBUG_INFO = INCLUDE_SOURCE;
				MTL_FAST_MATH = YES;
				ONLY_ACTIVE_ARCH = YES;
				PRODUCT_NAME = "$(TARGET_NAME)";
				SDKROOT = iphoneos;
				SWIFT_ACTIVE_COMPILATION_CONDITIONS = DEBUG;
				SWIFT_OPTIMIZATION_LEVEL = "-Onone";
				SWIFT_VERSION = 5.0;
			};
			name = Debug;
		};
		DE09C6BC72A5A75ADD6F5258 /* Release */ = {
			isa = XCBuildConfiguration;
			buildSettings = {
				ALWAYS_SEARCH_USER_PATHS = NO;
				CLANG_ANALYZER_NONNULL = YES;
				CLANG_ANALYZER_NUMBER_OBJECT_CONVERSION = YES_AGGRESSIVE;
				CLANG_CXX_LANGUAGE_STANDARD = "gnu++14";
				CLANG_CXX_LIBRARY = "libc++";
				CLANG_ENABLE_MODULES = YES;
				CLANG_ENABLE_OBJC_ARC = YES;
				CLANG_ENABLE_OBJC_WEAK = YES;
				CLANG_WARN_BLOCK_CAPTURE_AUTORELEASING = YES;
				CLANG_WARN_BOOL_CONVERSION = YES;
				CLANG_WARN_COMMA = YES;
				CLANG_WARN_CONSTANT_CONVERSION = YES;
				CLANG_WARN_DEPRECATED_OBJC_IMPLEMENTATIONS = YES;
				CLANG_WARN_DIRECT_OBJC_ISA_USAGE = YES_ERROR;
				CLANG_WARN_DOCUMENTATION_COMMENTS = YES;
				CLANG_WARN_EMPTY_BODY = YES;
				CLANG_WARN_ENUM_CONVERSION = YES;
				CLANG_WARN_INFINITE_RECURSION = YES;
				CLANG_WARN_INT_CONVERSION = YES;
				CLANG_WARN_NON_LITERAL_NULL_CONVERSION = YES;
				CLANG_WARN_OBJC_IMPLICIT_RETAIN_SELF = YES;
				CLANG_WARN_OBJC_LITERAL_CONVERSION = YES;
				CLANG_WARN_OBJC_ROOT_CLASS = YES_ERROR;
				CLANG_WARN_QUOTED_INCLUDE_IN_FRAMEWORK_HEADER = YES;
				CLANG_WARN_RANGE_LOOP_ANALYSIS = YES;
				CLANG_WARN_STRICT_PROTOTYPES = YES;
				CLANG_WARN_SUSPICIOUS_MOVE = YES;
				CLANG_WARN_UNGUARDED_AVAILABILITY = YES_AGGRESSIVE;
				CLANG_WARN_UNREACHABLE_CODE = YES;
				CLANG_WARN__DUPLICATE_METHOD_MATCH = YES;
				COPY_PHASE_STRIP = NO;
				DEBUG_INFORMATION_FORMAT = "dwarf-with-dsym";
				ENABLE_NS_ASSERTIONS = NO;
				ENABLE_STRICT_OBJC_MSGSEND = YES;
				GCC_C_LANGUAGE_STANDARD = gnu11;
				GCC_NO_COMMON_BLOCKS = YES;
				GCC_WARN_64_TO_32_BIT_CONVERSION = YES;
				GCC_WARN_ABOUT_RETURN_TYPE = YES_ERROR;
				GCC_WARN_UNDECLARED_SELECTOR = YES;
				GCC_WARN_UNINITIALIZED_AUTOS = YES_AGGRESSIVE;
				GCC_WARN_UNUSED_FUNCTION = YES;
				GCC_WARN_UNUSED_VARIABLE = YES;
				IPHONEOS_DEPLOYMENT_TARGET = 13.0;
				MTL_ENABLE_DEBUG_INFO = NO;
				MTL_FAST_MATH = YES;
				PRODUCT_NAME = "$(TARGET_NAME)";
				SDKROOT = iphoneos;
				SWIFT_COMPILATION_MODE = wholemodule;
				SWIFT_OPTIMIZATION_LEVEL = "-O";
				SWIFT_VERSION = 5.0;
			};
			name = Release;
		};
/* End XCBuildConfiguration section */

/* Begin XCConfigurationList section */
		713156F96FF2760CC6C0DD56 /* Build configuration list for PBXProject "SampleiOSArchitecture" */ = {
			isa = XCConfigurationList;
			buildConfigurations = (
				AB9502080A37884D4EB118C2 /* Debug */,
				DE09C6BC72A5A75ADD6F5258 /* Release */,
			);
			defaultConfigurationIsVisible = 0;
			defaultConfigurationName = Debug;
		};
		9A3829F26B9EF09595695E67 /* Build configuration list for PBXNativeTarget "SampleiOSArchitecture" */ = {
			isa = XCConfigurationList;
			buildConfigurations = (
				00444B30366141674715EF76 /* Debug */,
				6554B4E03D9CAF0DB46E9F02 /* Release */,
			);
			defaultConfigurationIsVisible = 0;
			defaultConfigurationName = Debug;
		};
/* End XCConfigurationList section */

/* Begin XCRemoteSwiftPackageReference section */
		CD0EB3436756FFA54F9B530E /* XCRemoteSwiftPackageReference "CombineCocoa" */ = {
			isa = XCRemoteSwiftPackageReference;
			repositoryURL = "https://github.com/CombineCommunity/CombineCocoa";
			requirement = {
				kind = upToNextMajorVersion;
				minimumVersion = 0.0.2;
			};
		};
/* End XCRemoteSwiftPackageReference section */

/* Begin XCSwiftPackageProductDependency section */
		D9EC1931114F903F39C91D9B /* CombineCocoa */ = {
			isa = XCSwiftPackageProductDependency;
			package = CD0EB3436756FFA54F9B530E /* XCRemoteSwiftPackageReference "CombineCocoa" */;
			productName = CombineCocoa;
		};
/* End XCSwiftPackageProductDependency section */
	};
	rootObject = 0AB83D09D3E47C86B48D95A1 /* Project object */;
}
