// !$*UTF8*$!
{
	archiveVersion = 1;
	classes = {
	};
	objectVersion = 52;
	objects = {

/* Begin PBXBuildFile section */
		10179DDD9A905A12004FCAF2 /* Assets.xcassets in Resources */ = {isa = PBXBuildFile; fileRef = 88E69CE9ABE02873CAF26464 /* Assets.xcassets */; };
		1E2578064DF635F0791DC2BC /* GithubSearchMVC01.storyboard in Resources */ = {isa = PBXBuildFile; fileRef = D3DE73D6E02307AE975EB85E /* GithubSearchMVC01.storyboard */; };
		29E42C3A72D7632614E1567F /* GithubSearchMVPViewController.swift in Sources */ = {isa = PBXBuildFile; fileRef = 56059FB60E670A044963422C /* GithubSearchMVPViewController.swift */; };
		2F18C55B099369226C83EA6C /* AppDelegate.swift in Sources */ = {isa = PBXBuildFile; fileRef = B1B8F3310AD4859FE5B068AC /* AppDelegate.swift */; };
		4CE0DDA9838F29EC591E225A /* GithubSearchMVVM01.storyboard in Resources */ = {isa = PBXBuildFile; fileRef = C70DB2736CD9C60E21E95D4F /* GithubSearchMVVM01.storyboard */; };
		59F6721662606AD3643C0125 /* Root.storyboard in Resources */ = {isa = PBXBuildFile; fileRef = 6937CF30C4F3CA943302212A /* Root.storyboard */; };
		66A7DF7CBDC2A311C0F1678E /* Pods_SampleiOSArchitecture.framework in Frameworks */ = {isa = PBXBuildFile; fileRef = DB45E5AF409ADB2D637696BC /* Pods_SampleiOSArchitecture.framework */; };
		6DE5EBEF50445F1993C0F40A /* RootViewController.swift in Sources */ = {isa = PBXBuildFile; fileRef = 9A3BC27F8796DC7465898E0B /* RootViewController.swift */; };
		7F14959253A6A8BF5D0D81B7 /* GithubAPI.swift in Sources */ = {isa = PBXBuildFile; fileRef = 7FC9430E69C2223D89C48ED5 /* GithubAPI.swift */; };
		8588E593C791BA4B5C43EA20 /* Router.swift in Sources */ = {isa = PBXBuildFile; fileRef = D9D74AC0216B041100AB3392 /* Router.swift */; };
		8B4FC4038777CBFF57FD7702 /* GithubSearchPresenter.swift in Sources */ = {isa = PBXBuildFile; fileRef = 0E3BB04D21F2E5777EA666EA /* GithubSearchPresenter.swift */; };
		8C381A52B29884C7CFAC3DAC /* GithubTableViewCell.xib in Resources */ = {isa = PBXBuildFile; fileRef = D23623BA69CC1F37ABF060A4 /* GithubTableViewCell.xib */; };
		95209C9F97620D1729E91F7D /* GithubModel.swift in Sources */ = {isa = PBXBuildFile; fileRef = B7D3089DC71B7A75E014B9B7 /* GithubModel.swift */; };
		A7D3CCDF1D12CA2A95FBD5AA /* GithubSearchMVC01ViewController.swift in Sources */ = {isa = PBXBuildFile; fileRef = B2E20C2E760805151F3C92E6 /* GithubSearchMVC01ViewController.swift */; };
		A8DE08263B0CA1E846EBC5D1 /* GithubSearchMVP.storyboard in Resources */ = {isa = PBXBuildFile; fileRef = CFC5DB2040CFC9A0F027A989 /* GithubSearchMVP.storyboard */; };
		AB9859F5B1A3EC8B39A20800 /* GithubSearchMVVM01ViewController.swift in Sources */ = {isa = PBXBuildFile; fileRef = FEB58B399890F11246E077DC /* GithubSearchMVVM01ViewController.swift */; };
		B61B423E25F25B1800F92741 /* WebMVC.storyboard in Resources */ = {isa = PBXBuildFile; fileRef = B61B423C25F25B1800F92741 /* WebMVC.storyboard */; };
		B61B423F25F25B1800F92741 /* WebMVCViewController.swift in Sources */ = {isa = PBXBuildFile; fileRef = B61B423D25F25B1800F92741 /* WebMVCViewController.swift */; };
		B61B425225F25E3D00F92741 /* WebMVPPresenter.swift in Sources */ = {isa = PBXBuildFile; fileRef = B61B424C25F25E3D00F92741 /* WebMVPPresenter.swift */; };
		B61B425425F25E3D00F92741 /* WebMVP.storyboard in Resources */ = {isa = PBXBuildFile; fileRef = B61B425025F25E3D00F92741 /* WebMVP.storyboard */; };
		B61B425525F25E3D00F92741 /* WebMVPViewController.swift in Sources */ = {isa = PBXBuildFile; fileRef = B61B425125F25E3D00F92741 /* WebMVPViewController.swift */; };
		B63146EA25CFF06C00C9CA6D /* GithubAPI+Rx.swift in Sources */ = {isa = PBXBuildFile; fileRef = B63146E925CFF06C00C9CA6D /* GithubAPI+Rx.swift */; };
		B63146EF25CFF47E00C9CA6D /* UITableViewCell+.swift in Sources */ = {isa = PBXBuildFile; fileRef = B63146EE25CFF47E00C9CA6D /* UITableViewCell+.swift */; };
		B666165C2622FF2600316852 /* CombineCocoa in Frameworks */ = {isa = PBXBuildFile; productRef = B666165B2622FF2600316852 /* CombineCocoa */; };
		B685048D25E5FA7000C0449B /* GithubSearchVIPEREntity.swift in Sources */ = {isa = PBXBuildFile; fileRef = B685048325E5FA7000C0449B /* GithubSearchVIPEREntity.swift */; };
		B685048E25E5FA7000C0449B /* GithubSearchVIPERPresenter.swift in Sources */ = {isa = PBXBuildFile; fileRef = B685048525E5FA7000C0449B /* GithubSearchVIPERPresenter.swift */; };
		B685048F25E5FA7000C0449B /* GithubSearchVIPER.storyboard in Resources */ = {isa = PBXBuildFile; fileRef = B685048725E5FA7000C0449B /* GithubSearchVIPER.storyboard */; };
		B685049025E5FA7000C0449B /* GithubSearchVIPERViewController.swift in Sources */ = {isa = PBXBuildFile; fileRef = B685048825E5FA7000C0449B /* GithubSearchVIPERViewController.swift */; };
		B685049125E5FA7000C0449B /* GithubSearchVIPERInteractor.swift in Sources */ = {isa = PBXBuildFile; fileRef = B685048A25E5FA7000C0449B /* GithubSearchVIPERInteractor.swift */; };
		B685049225E5FA7000C0449B /* GithubSearchVIPERRouter.swift in Sources */ = {isa = PBXBuildFile; fileRef = B685048C25E5FA7000C0449B /* GithubSearchVIPERRouter.swift */; };
		B68504B425E6530500C0449B /* WebVIPERPresenter.swift in Sources */ = {isa = PBXBuildFile; fileRef = B68504AB25E6530500C0449B /* WebVIPERPresenter.swift */; };
		B68504B525E6530500C0449B /* WebVIPER.storyboard in Resources */ = {isa = PBXBuildFile; fileRef = B68504AD25E6530500C0449B /* WebVIPER.storyboard */; };
		B68504B625E6530500C0449B /* WebVIPERViewController.swift in Sources */ = {isa = PBXBuildFile; fileRef = B68504AE25E6530500C0449B /* WebVIPERViewController.swift */; };
		B68504B725E6530500C0449B /* WebVIPERInteractor.swift in Sources */ = {isa = PBXBuildFile; fileRef = B68504B025E6530500C0449B /* WebVIPERInteractor.swift */; };
		B68504B825E6530500C0449B /* WebVIPERRouter.swift in Sources */ = {isa = PBXBuildFile; fileRef = B68504B225E6530500C0449B /* WebVIPERRouter.swift */; };
		B68504BD25E65E9200C0449B /* UIViewController+.swift in Sources */ = {isa = PBXBuildFile; fileRef = B68504BC25E65E9200C0449B /* UIViewController+.swift */; };
		B68AEED1261EBA6200A5E514 /* GithubSearchMVVM02ViewModel.swift in Sources */ = {isa = PBXBuildFile; fileRef = B68AEECD261EBA6200A5E514 /* GithubSearchMVVM02ViewModel.swift */; };
		B68AEED2261EBA6200A5E514 /* GithubSearchMVVM02.storyboard in Resources */ = {isa = PBXBuildFile; fileRef = B68AEECF261EBA6200A5E514 /* GithubSearchMVVM02.storyboard */; };
		B68AEED3261EBA6200A5E514 /* GithubSearchMVVM02ViewController.swift in Sources */ = {isa = PBXBuildFile; fileRef = B68AEED0261EBA6200A5E514 /* GithubSearchMVVM02ViewController.swift */; };
		B68AEED8261EC1A300A5E514 /* GithubAPI+Combine.swift in Sources */ = {isa = PBXBuildFile; fileRef = B68AEED7261EC1A300A5E514 /* GithubAPI+Combine.swift */; };
		B6F6431725F26416002B52D8 /* WebMVVMViewModel.swift in Sources */ = {isa = PBXBuildFile; fileRef = B6F6431325F26416002B52D8 /* WebMVVMViewModel.swift */; };
		B6F6431825F26416002B52D8 /* WebMVVMViewController.swift in Sources */ = {isa = PBXBuildFile; fileRef = B6F6431525F26416002B52D8 /* WebMVVMViewController.swift */; };
		B6F6431925F26416002B52D8 /* WebMVVM.storyboard in Resources */ = {isa = PBXBuildFile; fileRef = B6F6431625F26416002B52D8 /* WebMVVM.storyboard */; };
		C48DC49E61FA28584F5860A5 /* GithubSearchMVVM01ViewModel.swift in Sources */ = {isa = PBXBuildFile; fileRef = 5FD7F4F3E82E235D0CC9B19B /* GithubSearchMVVM01ViewModel.swift */; };
		DE7425557B6547AE5A0C8BBE /* GithubTableViewCell.swift in Sources */ = {isa = PBXBuildFile; fileRef = F130EBD6D0DD6EDD9324A6AA /* GithubTableViewCell.swift */; };
		DF918CD2EBA8E9FECD62323B /* LaunchScreen.storyboard in Resources */ = {isa = PBXBuildFile; fileRef = 8126924E39401AF5F6263D0F /* LaunchScreen.storyboard */; };
		F78C9D92608B5F7A86DA9CF1 /* Storyboard+.swift in Sources */ = {isa = PBXBuildFile; fileRef = 9E45FBED5E8286784719FE83 /* Storyboard+.swift */; };
/* End PBXBuildFile section */

/* Begin PBXFileReference section */
		039B25D171442BB8F92DCBF7 /* Base */ = {isa = PBXFileReference; lastKnownFileType = file.storyboard; name = Base; path = Base.lproj/Root.storyboard; sourceTree = "<group>"; };
		0E3BB04D21F2E5777EA666EA /* GithubSearchPresenter.swift */ = {isa = PBXFileReference; lastKnownFileType = sourcecode.swift; path = GithubSearchPresenter.swift; sourceTree = "<group>"; };
		2E138F787C1D48CD47AE493C /* Base */ = {isa = PBXFileReference; lastKnownFileType = file.storyboard; name = Base; path = Base.lproj/LaunchScreen.storyboard; sourceTree = "<group>"; };
		56059FB60E670A044963422C /* GithubSearchMVPViewController.swift */ = {isa = PBXFileReference; lastKnownFileType = sourcecode.swift; path = GithubSearchMVPViewController.swift; sourceTree = "<group>"; };
		5FD7F4F3E82E235D0CC9B19B /* GithubSearchMVVM01ViewModel.swift */ = {isa = PBXFileReference; lastKnownFileType = sourcecode.swift; path = GithubSearchMVVM01ViewModel.swift; sourceTree = "<group>"; };
		7FC9430E69C2223D89C48ED5 /* GithubAPI.swift */ = {isa = PBXFileReference; lastKnownFileType = sourcecode.swift; path = GithubAPI.swift; sourceTree = "<group>"; };
		875BC601700C984E092A5B1D /* Info.plist */ = {isa = PBXFileReference; lastKnownFileType = text.plist; path = Info.plist; sourceTree = "<group>"; };
		88E69CE9ABE02873CAF26464 /* Assets.xcassets */ = {isa = PBXFileReference; lastKnownFileType = folder.assetcatalog; path = Assets.xcassets; sourceTree = "<group>"; };
		8F0F98CFEDE33BFDA8799B29 /* Pods-SampleiOSArchitecture.debug.xcconfig */ = {isa = PBXFileReference; includeInIndex = 1; lastKnownFileType = text.xcconfig; name = "Pods-SampleiOSArchitecture.debug.xcconfig"; path = "Target Support Files/Pods-SampleiOSArchitecture/Pods-SampleiOSArchitecture.debug.xcconfig"; sourceTree = "<group>"; };
		9A3BC27F8796DC7465898E0B /* RootViewController.swift */ = {isa = PBXFileReference; lastKnownFileType = sourcecode.swift; path = RootViewController.swift; sourceTree = "<group>"; };
		9E45FBED5E8286784719FE83 /* Storyboard+.swift */ = {isa = PBXFileReference; lastKnownFileType = sourcecode.swift; path = "Storyboard+.swift"; sourceTree = "<group>"; };
		B1B8F3310AD4859FE5B068AC /* AppDelegate.swift */ = {isa = PBXFileReference; lastKnownFileType = sourcecode.swift; path = AppDelegate.swift; sourceTree = "<group>"; };
		B2E20C2E760805151F3C92E6 /* GithubSearchMVC01ViewController.swift */ = {isa = PBXFileReference; lastKnownFileType = sourcecode.swift; path = GithubSearchMVC01ViewController.swift; sourceTree = "<group>"; };
		B61B423C25F25B1800F92741 /* WebMVC.storyboard */ = {isa = PBXFileReference; fileEncoding = 4; lastKnownFileType = file.storyboard; path = WebMVC.storyboard; sourceTree = "<group>"; };
		B61B423D25F25B1800F92741 /* WebMVCViewController.swift */ = {isa = PBXFileReference; fileEncoding = 4; lastKnownFileType = sourcecode.swift; path = WebMVCViewController.swift; sourceTree = "<group>"; };
		B61B424C25F25E3D00F92741 /* WebMVPPresenter.swift */ = {isa = PBXFileReference; fileEncoding = 4; lastKnownFileType = sourcecode.swift; path = WebMVPPresenter.swift; sourceTree = "<group>"; };
		B61B425025F25E3D00F92741 /* WebMVP.storyboard */ = {isa = PBXFileReference; fileEncoding = 4; lastKnownFileType = file.storyboard; path = WebMVP.storyboard; sourceTree = "<group>"; };
		B61B425125F25E3D00F92741 /* WebMVPViewController.swift */ = {isa = PBXFileReference; fileEncoding = 4; lastKnownFileType = sourcecode.swift; path = WebMVPViewController.swift; sourceTree = "<group>"; };
		B63146E925CFF06C00C9CA6D /* GithubAPI+Rx.swift */ = {isa = PBXFileReference; lastKnownFileType = sourcecode.swift; path = "GithubAPI+Rx.swift"; sourceTree = "<group>"; };
		B63146EE25CFF47E00C9CA6D /* UITableViewCell+.swift */ = {isa = PBXFileReference; lastKnownFileType = sourcecode.swift; path = "UITableViewCell+.swift"; sourceTree = "<group>"; };
		B685048325E5FA7000C0449B /* GithubSearchVIPEREntity.swift */ = {isa = PBXFileReference; fileEncoding = 4; lastKnownFileType = sourcecode.swift; path = GithubSearchVIPEREntity.swift; sourceTree = "<group>"; };
		B685048525E5FA7000C0449B /* GithubSearchVIPERPresenter.swift */ = {isa = PBXFileReference; fileEncoding = 4; lastKnownFileType = sourcecode.swift; path = GithubSearchVIPERPresenter.swift; sourceTree = "<group>"; };
		B685048725E5FA7000C0449B /* GithubSearchVIPER.storyboard */ = {isa = PBXFileReference; fileEncoding = 4; lastKnownFileType = file.storyboard; path = GithubSearchVIPER.storyboard; sourceTree = "<group>"; };
		B685048825E5FA7000C0449B /* GithubSearchVIPERViewController.swift */ = {isa = PBXFileReference; fileEncoding = 4; lastKnownFileType = sourcecode.swift; path = GithubSearchVIPERViewController.swift; sourceTree = "<group>"; };
		B685048A25E5FA7000C0449B /* GithubSearchVIPERInteractor.swift */ = {isa = PBXFileReference; fileEncoding = 4; lastKnownFileType = sourcecode.swift; path = GithubSearchVIPERInteractor.swift; sourceTree = "<group>"; };
		B685048C25E5FA7000C0449B /* GithubSearchVIPERRouter.swift */ = {isa = PBXFileReference; fileEncoding = 4; lastKnownFileType = sourcecode.swift; path = GithubSearchVIPERRouter.swift; sourceTree = "<group>"; };
		B68504AB25E6530500C0449B /* WebVIPERPresenter.swift */ = {isa = PBXFileReference; fileEncoding = 4; lastKnownFileType = sourcecode.swift; path = WebVIPERPresenter.swift; sourceTree = "<group>"; };
		B68504AD25E6530500C0449B /* WebVIPER.storyboard */ = {isa = PBXFileReference; fileEncoding = 4; lastKnownFileType = file.storyboard; path = WebVIPER.storyboard; sourceTree = "<group>"; };
		B68504AE25E6530500C0449B /* WebVIPERViewController.swift */ = {isa = PBXFileReference; fileEncoding = 4; lastKnownFileType = sourcecode.swift; path = WebVIPERViewController.swift; sourceTree = "<group>"; };
		B68504B025E6530500C0449B /* WebVIPERInteractor.swift */ = {isa = PBXFileReference; fileEncoding = 4; lastKnownFileType = sourcecode.swift; path = WebVIPERInteractor.swift; sourceTree = "<group>"; };
		B68504B225E6530500C0449B /* WebVIPERRouter.swift */ = {isa = PBXFileReference; fileEncoding = 4; lastKnownFileType = sourcecode.swift; path = WebVIPERRouter.swift; sourceTree = "<group>"; };
		B68504BC25E65E9200C0449B /* UIViewController+.swift */ = {isa = PBXFileReference; lastKnownFileType = sourcecode.swift; path = "UIViewController+.swift"; sourceTree = "<group>"; };
		B68AEECD261EBA6200A5E514 /* GithubSearchMVVM02ViewModel.swift */ = {isa = PBXFileReference; fileEncoding = 4; lastKnownFileType = sourcecode.swift; path = GithubSearchMVVM02ViewModel.swift; sourceTree = "<group>"; };
		B68AEECF261EBA6200A5E514 /* GithubSearchMVVM02.storyboard */ = {isa = PBXFileReference; fileEncoding = 4; lastKnownFileType = file.storyboard; path = GithubSearchMVVM02.storyboard; sourceTree = "<group>"; };
		B68AEED0261EBA6200A5E514 /* GithubSearchMVVM02ViewController.swift */ = {isa = PBXFileReference; fileEncoding = 4; lastKnownFileType = sourcecode.swift; path = GithubSearchMVVM02ViewController.swift; sourceTree = "<group>"; };
		B68AEED7261EC1A300A5E514 /* GithubAPI+Combine.swift */ = {isa = PBXFileReference; lastKnownFileType = sourcecode.swift; path = "GithubAPI+Combine.swift"; sourceTree = "<group>"; };
		B6F6431325F26416002B52D8 /* WebMVVMViewModel.swift */ = {isa = PBXFileReference; fileEncoding = 4; lastKnownFileType = sourcecode.swift; path = WebMVVMViewModel.swift; sourceTree = "<group>"; };
		B6F6431525F26416002B52D8 /* WebMVVMViewController.swift */ = {isa = PBXFileReference; fileEncoding = 4; lastKnownFileType = sourcecode.swift; path = WebMVVMViewController.swift; sourceTree = "<group>"; };
		B6F6431625F26416002B52D8 /* WebMVVM.storyboard */ = {isa = PBXFileReference; fileEncoding = 4; lastKnownFileType = file.storyboard; path = WebMVVM.storyboard; sourceTree = "<group>"; };
		B7D3089DC71B7A75E014B9B7 /* GithubModel.swift */ = {isa = PBXFileReference; lastKnownFileType = sourcecode.swift; path = GithubModel.swift; sourceTree = "<group>"; };
		C70DB2736CD9C60E21E95D4F /* GithubSearchMVVM01.storyboard */ = {isa = PBXFileReference; lastKnownFileType = file.storyboard; path = GithubSearchMVVM01.storyboard; sourceTree = "<group>"; };
		CFC5DB2040CFC9A0F027A989 /* GithubSearchMVP.storyboard */ = {isa = PBXFileReference; lastKnownFileType = file.storyboard; path = GithubSearchMVP.storyboard; sourceTree = "<group>"; };
		D23623BA69CC1F37ABF060A4 /* GithubTableViewCell.xib */ = {isa = PBXFileReference; lastKnownFileType = file.xib; path = GithubTableViewCell.xib; sourceTree = "<group>"; };
		D3DE73D6E02307AE975EB85E /* GithubSearchMVC01.storyboard */ = {isa = PBXFileReference; lastKnownFileType = file.storyboard; path = GithubSearchMVC01.storyboard; sourceTree = "<group>"; };
		D9D74AC0216B041100AB3392 /* Router.swift */ = {isa = PBXFileReference; lastKnownFileType = sourcecode.swift; path = Router.swift; sourceTree = "<group>"; };
		DB45E5AF409ADB2D637696BC /* Pods_SampleiOSArchitecture.framework */ = {isa = PBXFileReference; explicitFileType = wrapper.framework; includeInIndex = 0; path = Pods_SampleiOSArchitecture.framework; sourceTree = BUILT_PRODUCTS_DIR; };
		DC258B0A044ABFCE531CE358 /* SampleiOSArchitecture.app */ = {isa = PBXFileReference; includeInIndex = 0; lastKnownFileType = wrapper.application; path = SampleiOSArchitecture.app; sourceTree = BUILT_PRODUCTS_DIR; };
		F130EBD6D0DD6EDD9324A6AA /* GithubTableViewCell.swift */ = {isa = PBXFileReference; lastKnownFileType = sourcecode.swift; path = GithubTableViewCell.swift; sourceTree = "<group>"; };
		F9CE7B8AE3E97014B26D563F /* Pods-SampleiOSArchitecture.release.xcconfig */ = {isa = PBXFileReference; includeInIndex = 1; lastKnownFileType = text.xcconfig; name = "Pods-SampleiOSArchitecture.release.xcconfig"; path = "Target Support Files/Pods-SampleiOSArchitecture/Pods-SampleiOSArchitecture.release.xcconfig"; sourceTree = "<group>"; };
		FEB58B399890F11246E077DC /* GithubSearchMVVM01ViewController.swift */ = {isa = PBXFileReference; lastKnownFileType = sourcecode.swift; path = GithubSearchMVVM01ViewController.swift; sourceTree = "<group>"; };
/* End PBXFileReference section */

/* Begin PBXFrameworksBuildPhase section */
		7B95FF9F8FD78B3E567E001C /* Frameworks */ = {
			isa = PBXFrameworksBuildPhase;
			buildActionMask = 2147483647;
			files = (
				B666165C2622FF2600316852 /* CombineCocoa in Frameworks */,
				66A7DF7CBDC2A311C0F1678E /* Pods_SampleiOSArchitecture.framework in Frameworks */,
			);
			runOnlyForDeploymentPostprocessing = 0;
		};
/* End PBXFrameworksBuildPhase section */

/* Begin PBXGroup section */
		05FA2DA446097B04ADC4663E /* MVC */ = {
			isa = PBXGroup;
			children = (
				86D97B7B4F73D178E488BEBE /* GithuSearchMVC01 */,
				B61B423B25F25B1800F92741 /* WebMVC */,
			);
			path = MVC;
			sourceTree = "<group>";
		};
		062AA9AC3F6C8144FC04E71E /* MVVM */ = {
			isa = PBXGroup;
			children = (
				B6F6430F25F263CD002B52D8 /* GithubSearchMVVM01 */,
				B68AEECB261EBA6200A5E514 /* GithubSearchMVVM02 */,
				B6F6431125F26416002B52D8 /* WebMVVM */,
			);
			path = MVVM;
			sourceTree = "<group>";
		};
		3CAF0BE72A7B283EEFD55FF1 /* ViewModel */ = {
			isa = PBXGroup;
			children = (
				5FD7F4F3E82E235D0CC9B19B /* GithubSearchMVVM01ViewModel.swift */,
			);
			path = ViewModel;
			sourceTree = "<group>";
		};
		4AE7FB6CD5F889274B999628 /* GithubTableViewCell */ = {
			isa = PBXGroup;
			children = (
				F130EBD6D0DD6EDD9324A6AA /* GithubTableViewCell.swift */,
				D23623BA69CC1F37ABF060A4 /* GithubTableViewCell.xib */,
			);
			path = GithubTableViewCell;
			sourceTree = "<group>";
		};
		555761B4FBB7F9761A205FFD /* Frameworks */ = {
			isa = PBXGroup;
			children = (
				DB45E5AF409ADB2D637696BC /* Pods_SampleiOSArchitecture.framework */,
			);
			name = Frameworks;
			sourceTree = "<group>";
		};
		58CC90DE1758A1741168739C /* Model */ = {
			isa = PBXGroup;
			children = (
				B7D3089DC71B7A75E014B9B7 /* GithubModel.swift */,
			);
			path = Model;
			sourceTree = "<group>";
		};
		6023E25E1B8CD8CA223B0CA4 /* ViewController */ = {
			isa = PBXGroup;
			children = (
				CFC5DB2040CFC9A0F027A989 /* GithubSearchMVP.storyboard */,
				56059FB60E670A044963422C /* GithubSearchMVPViewController.swift */,
			);
			path = ViewController;
			sourceTree = "<group>";
		};
		62A90A8361C85887E55E93BB /* ViewController */ = {
			isa = PBXGroup;
			children = (
				C70DB2736CD9C60E21E95D4F /* GithubSearchMVVM01.storyboard */,
				FEB58B399890F11246E077DC /* GithubSearchMVVM01ViewController.swift */,
			);
			path = ViewController;
			sourceTree = "<group>";
		};
		666E9CFCACBE9A28DC4A3282 /* Pods */ = {
			isa = PBXGroup;
			children = (
				8F0F98CFEDE33BFDA8799B29 /* Pods-SampleiOSArchitecture.debug.xcconfig */,
				F9CE7B8AE3E97014B26D563F /* Pods-SampleiOSArchitecture.release.xcconfig */,
			);
			path = Pods;
			sourceTree = "<group>";
		};
		6C52C0C4D71F0705172D75A6 = {
			isa = PBXGroup;
			children = (
				CB7DCFB8975B36D69F9686F8 /* SampleiOSArchitecture */,
				FCB347B440AE861AB6DE9D91 /* Products */,
				666E9CFCACBE9A28DC4A3282 /* Pods */,
				555761B4FBB7F9761A205FFD /* Frameworks */,
			);
			sourceTree = "<group>";
		};
		86D97B7B4F73D178E488BEBE /* GithuSearchMVC01 */ = {
			isa = PBXGroup;
			children = (
				D3DE73D6E02307AE975EB85E /* GithubSearchMVC01.storyboard */,
				B2E20C2E760805151F3C92E6 /* GithubSearchMVC01ViewController.swift */,
			);
			path = GithuSearchMVC01;
			sourceTree = "<group>";
		};
		8ACD4C80957215C7CD1B4242 /* Presenter */ = {
			isa = PBXGroup;
			children = (
				0E3BB04D21F2E5777EA666EA /* GithubSearchPresenter.swift */,
			);
			path = Presenter;
			sourceTree = "<group>";
		};
		94F9952B661C1FD544C64F39 /* MVP */ = {
			isa = PBXGroup;
			children = (
				B61B424A25F25E3D00F92741 /* WebMVP */,
				B61B424825F25DBF00F92741 /* GithubSearchMVP */,
			);
			path = MVP;
			sourceTree = "<group>";
		};
		AB075CCBF19115E8C29397CA /* View */ = {
			isa = PBXGroup;
			children = (
				4AE7FB6CD5F889274B999628 /* GithubTableViewCell */,
			);
			path = View;
			sourceTree = "<group>";
		};
		B61B423B25F25B1800F92741 /* WebMVC */ = {
			isa = PBXGroup;
			children = (
				B61B423C25F25B1800F92741 /* WebMVC.storyboard */,
				B61B423D25F25B1800F92741 /* WebMVCViewController.swift */,
			);
			path = WebMVC;
			sourceTree = "<group>";
		};
		B61B424825F25DBF00F92741 /* GithubSearchMVP */ = {
			isa = PBXGroup;
			children = (
				8ACD4C80957215C7CD1B4242 /* Presenter */,
				6023E25E1B8CD8CA223B0CA4 /* ViewController */,
			);
			path = GithubSearchMVP;
			sourceTree = "<group>";
		};
		B61B424A25F25E3D00F92741 /* WebMVP */ = {
			isa = PBXGroup;
			children = (
				B61B424B25F25E3D00F92741 /* Presenter */,
				B61B424F25F25E3D00F92741 /* ViewController */,
			);
			path = WebMVP;
			sourceTree = "<group>";
		};
		B61B424B25F25E3D00F92741 /* Presenter */ = {
			isa = PBXGroup;
			children = (
				B61B424C25F25E3D00F92741 /* WebMVPPresenter.swift */,
			);
			path = Presenter;
			sourceTree = "<group>";
		};
		B61B424F25F25E3D00F92741 /* ViewController */ = {
			isa = PBXGroup;
			children = (
				B61B425025F25E3D00F92741 /* WebMVP.storyboard */,
				B61B425125F25E3D00F92741 /* WebMVPViewController.swift */,
			);
			path = ViewController;
			sourceTree = "<group>";
		};
		B63146E825CFF05700C9CA6D /* Extension */ = {
			isa = PBXGroup;
			children = (
				B63146E925CFF06C00C9CA6D /* GithubAPI+Rx.swift */,
			);
			path = Extension;
			sourceTree = "<group>";
		};
		B685047E25E5FA7000C0449B /* GithubSearchVIPER */ = {
			isa = PBXGroup;
			children = (
				B685048225E5FA7000C0449B /* Entity */,
				B685048425E5FA7000C0449B /* Presenter */,
				B685048625E5FA7000C0449B /* ViewController */,
				B685048925E5FA7000C0449B /* Interactor */,
				B685048B25E5FA7000C0449B /* Router */,
			);
			path = GithubSearchVIPER;
			sourceTree = "<group>";
		};
		B685048225E5FA7000C0449B /* Entity */ = {
			isa = PBXGroup;
			children = (
				B685048325E5FA7000C0449B /* GithubSearchVIPEREntity.swift */,
			);
			path = Entity;
			sourceTree = "<group>";
		};
		B685048425E5FA7000C0449B /* Presenter */ = {
			isa = PBXGroup;
			children = (
				B685048525E5FA7000C0449B /* GithubSearchVIPERPresenter.swift */,
			);
			path = Presenter;
			sourceTree = "<group>";
		};
		B685048625E5FA7000C0449B /* ViewController */ = {
			isa = PBXGroup;
			children = (
				B685048725E5FA7000C0449B /* GithubSearchVIPER.storyboard */,
				B685048825E5FA7000C0449B /* GithubSearchVIPERViewController.swift */,
			);
			path = ViewController;
			sourceTree = "<group>";
		};
		B685048925E5FA7000C0449B /* Interactor */ = {
			isa = PBXGroup;
			children = (
				B685048A25E5FA7000C0449B /* GithubSearchVIPERInteractor.swift */,
			);
			path = Interactor;
			sourceTree = "<group>";
		};
		B685048B25E5FA7000C0449B /* Router */ = {
			isa = PBXGroup;
			children = (
				B685048C25E5FA7000C0449B /* GithubSearchVIPERRouter.swift */,
			);
			path = Router;
			sourceTree = "<group>";
		};
		B68504A425E652D900C0449B /* VIPER */ = {
			isa = PBXGroup;
			children = (
				B68504A725E6530500C0449B /* WebVIPER */,
				B685047E25E5FA7000C0449B /* GithubSearchVIPER */,
			);
			path = VIPER;
			sourceTree = "<group>";
		};
		B68504A725E6530500C0449B /* WebVIPER */ = {
			isa = PBXGroup;
			children = (
				B68504AA25E6530500C0449B /* Presenter */,
				B68504AC25E6530500C0449B /* ViewController */,
				B68504AF25E6530500C0449B /* Interactor */,
				B68504B125E6530500C0449B /* Router */,
			);
			path = WebVIPER;
			sourceTree = "<group>";
		};
		B68504AA25E6530500C0449B /* Presenter */ = {
			isa = PBXGroup;
			children = (
				B68504AB25E6530500C0449B /* WebVIPERPresenter.swift */,
			);
			path = Presenter;
			sourceTree = "<group>";
		};
		B68504AC25E6530500C0449B /* ViewController */ = {
			isa = PBXGroup;
			children = (
				B68504AD25E6530500C0449B /* WebVIPER.storyboard */,
				B68504AE25E6530500C0449B /* WebVIPERViewController.swift */,
			);
			path = ViewController;
			sourceTree = "<group>";
		};
		B68504AF25E6530500C0449B /* Interactor */ = {
			isa = PBXGroup;
			children = (
				B68504B025E6530500C0449B /* WebVIPERInteractor.swift */,
			);
			path = Interactor;
			sourceTree = "<group>";
		};
		B68504B125E6530500C0449B /* Router */ = {
			isa = PBXGroup;
			children = (
				B68504B225E6530500C0449B /* WebVIPERRouter.swift */,
			);
			path = Router;
			sourceTree = "<group>";
		};
		B68AEECB261EBA6200A5E514 /* GithubSearchMVVM02 */ = {
			isa = PBXGroup;
			children = (
				B68AEED6261EC18F00A5E514 /* Extension */,
				B68AEECE261EBA6200A5E514 /* ViewController */,
				B68AEECC261EBA6200A5E514 /* ViewModel */,
			);
			path = GithubSearchMVVM02;
			sourceTree = "<group>";
		};
		B68AEECC261EBA6200A5E514 /* ViewModel */ = {
			isa = PBXGroup;
			children = (
				B68AEECD261EBA6200A5E514 /* GithubSearchMVVM02ViewModel.swift */,
			);
			path = ViewModel;
			sourceTree = "<group>";
		};
		B68AEECE261EBA6200A5E514 /* ViewController */ = {
			isa = PBXGroup;
			children = (
				B68AEECF261EBA6200A5E514 /* GithubSearchMVVM02.storyboard */,
				B68AEED0261EBA6200A5E514 /* GithubSearchMVVM02ViewController.swift */,
			);
			path = ViewController;
			sourceTree = "<group>";
		};
		B68AEED6261EC18F00A5E514 /* Extension */ = {
			isa = PBXGroup;
			children = (
				B68AEED7261EC1A300A5E514 /* GithubAPI+Combine.swift */,
			);
			path = Extension;
			sourceTree = "<group>";
		};
		B6F6430F25F263CD002B52D8 /* GithubSearchMVVM01 */ = {
			isa = PBXGroup;
			children = (
				B63146E825CFF05700C9CA6D /* Extension */,
				62A90A8361C85887E55E93BB /* ViewController */,
				3CAF0BE72A7B283EEFD55FF1 /* ViewModel */,
			);
			path = GithubSearchMVVM01;
			sourceTree = "<group>";
		};
		B6F6431125F26416002B52D8 /* WebMVVM */ = {
			isa = PBXGroup;
			children = (
				B6F6431225F26416002B52D8 /* ViewModel */,
				B6F6431425F26416002B52D8 /* ViewController */,
			);
			path = WebMVVM;
			sourceTree = "<group>";
		};
		B6F6431225F26416002B52D8 /* ViewModel */ = {
			isa = PBXGroup;
			children = (
				B6F6431325F26416002B52D8 /* WebMVVMViewModel.swift */,
			);
			path = ViewModel;
			sourceTree = "<group>";
		};
		B6F6431425F26416002B52D8 /* ViewController */ = {
			isa = PBXGroup;
			children = (
				B6F6431525F26416002B52D8 /* WebMVVMViewController.swift */,
				B6F6431625F26416002B52D8 /* WebMVVM.storyboard */,
			);
			path = ViewController;
			sourceTree = "<group>";
		};
		B6F6431D25F2750C002B52D8 /* Architecture */ = {
			isa = PBXGroup;
			children = (
				B68504A425E652D900C0449B /* VIPER */,
				05FA2DA446097B04ADC4663E /* MVC */,
				94F9952B661C1FD544C64F39 /* MVP */,
				062AA9AC3F6C8144FC04E71E /* MVVM */,
			);
			path = Architecture;
			sourceTree = "<group>";
		};
		CB7DCFB8975B36D69F9686F8 /* SampleiOSArchitecture */ = {
			isa = PBXGroup;
			children = (
				B6F6431D25F2750C002B52D8 /* Architecture */,
				B1B8F3310AD4859FE5B068AC /* AppDelegate.swift */,
				88E69CE9ABE02873CAF26464 /* Assets.xcassets */,
				F5771F94927A3C72FFF18AA1 /* Extension */,
				875BC601700C984E092A5B1D /* Info.plist */,
				8126924E39401AF5F6263D0F /* LaunchScreen.storyboard */,
				58CC90DE1758A1741168739C /* Model */,
				6937CF30C4F3CA943302212A /* Root.storyboard */,
				9A3BC27F8796DC7465898E0B /* RootViewController.swift */,
				FE37F8E622471AF2A5F6C5B4 /* Router */,
				E83FA23361EE09E541393910 /* Utility */,
				AB075CCBF19115E8C29397CA /* View */,
			);
			path = SampleiOSArchitecture;
			sourceTree = "<group>";
		};
		E83FA23361EE09E541393910 /* Utility */ = {
			isa = PBXGroup;
			children = (
				7FC9430E69C2223D89C48ED5 /* GithubAPI.swift */,
			);
			path = Utility;
			sourceTree = "<group>";
		};
		F5771F94927A3C72FFF18AA1 /* Extension */ = {
			isa = PBXGroup;
			children = (
				9E45FBED5E8286784719FE83 /* Storyboard+.swift */,
				B63146EE25CFF47E00C9CA6D /* UITableViewCell+.swift */,
				B68504BC25E65E9200C0449B /* UIViewController+.swift */,
			);
			path = Extension;
			sourceTree = "<group>";
		};
		FCB347B440AE861AB6DE9D91 /* Products */ = {
			isa = PBXGroup;
			children = (
				DC258B0A044ABFCE531CE358 /* SampleiOSArchitecture.app */,
			);
			name = Products;
			sourceTree = "<group>";
		};
		FE37F8E622471AF2A5F6C5B4 /* Router */ = {
			isa = PBXGroup;
			children = (
				D9D74AC0216B041100AB3392 /* Router.swift */,
			);
			path = Router;
			sourceTree = "<group>";
		};
/* End PBXGroup section */

/* Begin PBXNativeTarget section */
		62A8E33E069942A6B468B385 /* SampleiOSArchitecture */ = {
			isa = PBXNativeTarget;
			buildConfigurationList = 9A3829F26B9EF09595695E67 /* Build configuration list for PBXNativeTarget "SampleiOSArchitecture" */;
			buildPhases = (
				382370079838CD9DC5ABA631 /* [CP] Check Pods Manifest.lock */,
				EED9B316F1E18CA731C459E9 /* Sources */,
				8F3B412F0C3D476D1EA6C33A /* Resources */,
				7B95FF9F8FD78B3E567E001C /* Frameworks */,
				583C77C90C20B1F39D153E45 /* [CP] Embed Pods Frameworks */,
			);
			buildRules = (
			);
			dependencies = (
			);
			name = SampleiOSArchitecture;
			packageProductDependencies = (
				B666165B2622FF2600316852 /* CombineCocoa */,
			);
			productName = SampleiOSArchitecture;
			productReference = DC258B0A044ABFCE531CE358 /* SampleiOSArchitecture.app */;
			productType = "com.apple.product-type.application";
		};
/* End PBXNativeTarget section */

/* Begin PBXProject section */
		0AB83D09D3E47C86B48D95A1 /* Project object */ = {
			isa = PBXProject;
			attributes = {
				LastUpgradeCheck = 1200;
			};
			buildConfigurationList = 713156F96FF2760CC6C0DD56 /* Build configuration list for PBXProject "SampleiOSArchitecture" */;
			compatibilityVersion = "Xcode 10.0";
			developmentRegion = en;
			hasScannedForEncodings = 0;
			knownRegions = (
				Base,
				en,
			);
			mainGroup = 6C52C0C4D71F0705172D75A6;
			packageReferences = (
				B666165A2622FF2600316852 /* XCRemoteSwiftPackageReference "CombineCocoa" */,
			);
			productRefGroup = FCB347B440AE861AB6DE9D91 /* Products */;
			projectDirPath = "";
			projectRoot = "";
			targets = (
				62A8E33E069942A6B468B385 /* SampleiOSArchitecture */,
			);
		};
/* End PBXProject section */

/* Begin PBXResourcesBuildPhase section */
		8F3B412F0C3D476D1EA6C33A /* Resources */ = {
			isa = PBXResourcesBuildPhase;
			buildActionMask = 2147483647;
			files = (
				B61B423E25F25B1800F92741 /* WebMVC.storyboard in Resources */,
				10179DDD9A905A12004FCAF2 /* Assets.xcassets in Resources */,
				1E2578064DF635F0791DC2BC /* GithubSearchMVC01.storyboard in Resources */,
				A8DE08263B0CA1E846EBC5D1 /* GithubSearchMVP.storyboard in Resources */,
				8C381A52B29884C7CFAC3DAC /* GithubTableViewCell.xib in Resources */,
				B6F6431925F26416002B52D8 /* WebMVVM.storyboard in Resources */,
				DF918CD2EBA8E9FECD62323B /* LaunchScreen.storyboard in Resources */,
				B685048F25E5FA7000C0449B /* GithubSearchVIPER.storyboard in Resources */,
				B61B425425F25E3D00F92741 /* WebMVP.storyboard in Resources */,
				59F6721662606AD3643C0125 /* Root.storyboard in Resources */,
				4CE0DDA9838F29EC591E225A /* GithubSearchMVVM01.storyboard in Resources */,
				B68504B525E6530500C0449B /* WebVIPER.storyboard in Resources */,
				B68AEED2261EBA6200A5E514 /* GithubSearchMVVM02.storyboard in Resources */,
			);
			runOnlyForDeploymentPostprocessing = 0;
		};
/* End PBXResourcesBuildPhase section */

/* Begin PBXShellScriptBuildPhase section */
		382370079838CD9DC5ABA631 /* [CP] Check Pods Manifest.lock */ = {
			isa = PBXShellScriptBuildPhase;
			buildActionMask = 2147483647;
			files = (
			);
			inputFileListPaths = (
			);
			inputPaths = (
				"${PODS_PODFILE_DIR_PATH}/Podfile.lock",
				"${PODS_ROOT}/Manifest.lock",
			);
			name = "[CP] Check Pods Manifest.lock";
			outputFileListPaths = (
			);
			outputPaths = (
				"$(DERIVED_FILE_DIR)/Pods-SampleiOSArchitecture-checkManifestLockResult.txt",
			);
			runOnlyForDeploymentPostprocessing = 0;
			shellPath = /bin/sh;
			shellScript = "diff \"${PODS_PODFILE_DIR_PATH}/Podfile.lock\" \"${PODS_ROOT}/Manifest.lock\" > /dev/null\nif [ $? != 0 ] ; then\n    # print error to STDERR\n    echo \"error: The sandbox is not in sync with the Podfile.lock. Run 'pod install' or update your CocoaPods installation.\" >&2\n    exit 1\nfi\n# This output is used by Xcode 'outputs' to avoid re-running this script phase.\necho \"SUCCESS\" > \"${SCRIPT_OUTPUT_FILE_0}\"\n";
			showEnvVarsInLog = 0;
		};
		583C77C90C20B1F39D153E45 /* [CP] Embed Pods Frameworks */ = {
			isa = PBXShellScriptBuildPhase;
			buildActionMask = 2147483647;
			files = (
			);
			inputFileListPaths = (
				"${PODS_ROOT}/Target Support Files/Pods-SampleiOSArchitecture/Pods-SampleiOSArchitecture-frameworks-${CONFIGURATION}-input-files.xcfilelist",
			);
			name = "[CP] Embed Pods Frameworks";
			outputFileListPaths = (
				"${PODS_ROOT}/Target Support Files/Pods-SampleiOSArchitecture/Pods-SampleiOSArchitecture-frameworks-${CONFIGURATION}-output-files.xcfilelist",
			);
			runOnlyForDeploymentPostprocessing = 0;
			shellPath = /bin/sh;
			shellScript = "\"${PODS_ROOT}/Target Support Files/Pods-SampleiOSArchitecture/Pods-SampleiOSArchitecture-frameworks.sh\"\n";
			showEnvVarsInLog = 0;
		};
/* End PBXShellScriptBuildPhase section */

/* Begin PBXSourcesBuildPhase section */
		EED9B316F1E18CA731C459E9 /* Sources */ = {
			isa = PBXSourcesBuildPhase;
			buildActionMask = 2147483647;
			files = (
				2F18C55B099369226C83EA6C /* AppDelegate.swift in Sources */,
				B68504B825E6530500C0449B /* WebVIPERRouter.swift in Sources */,
				B68504BD25E65E9200C0449B /* UIViewController+.swift in Sources */,
				B68504B625E6530500C0449B /* WebVIPERViewController.swift in Sources */,
				7F14959253A6A8BF5D0D81B7 /* GithubAPI.swift in Sources */,
				95209C9F97620D1729E91F7D /* GithubModel.swift in Sources */,
				29E42C3A72D7632614E1567F /* GithubSearchMVPViewController.swift in Sources */,
				8B4FC4038777CBFF57FD7702 /* GithubSearchPresenter.swift in Sources */,
				B61B423F25F25B1800F92741 /* WebMVCViewController.swift in Sources */,
				B6F6431725F26416002B52D8 /* WebMVVMViewModel.swift in Sources */,
				A7D3CCDF1D12CA2A95FBD5AA /* GithubSearchMVC01ViewController.swift in Sources */,
				B685048D25E5FA7000C0449B /* GithubSearchVIPEREntity.swift in Sources */,
				B68AEED3261EBA6200A5E514 /* GithubSearchMVVM02ViewController.swift in Sources */,
				DE7425557B6547AE5A0C8BBE /* GithubTableViewCell.swift in Sources */,
				6DE5EBEF50445F1993C0F40A /* RootViewController.swift in Sources */,
				8588E593C791BA4B5C43EA20 /* Router.swift in Sources */,
				B63146EF25CFF47E00C9CA6D /* UITableViewCell+.swift in Sources */,
				AB9859F5B1A3EC8B39A20800 /* GithubSearchMVVM01ViewController.swift in Sources */,
				C48DC49E61FA28584F5860A5 /* GithubSearchMVVM01ViewModel.swift in Sources */,
				B68504B725E6530500C0449B /* WebVIPERInteractor.swift in Sources */,
				B685048E25E5FA7000C0449B /* GithubSearchVIPERPresenter.swift in Sources */,
				B68504B425E6530500C0449B /* WebVIPERPresenter.swift in Sources */,
				B685049225E5FA7000C0449B /* GithubSearchVIPERRouter.swift in Sources */,
				B68AEED8261EC1A300A5E514 /* GithubAPI+Combine.swift in Sources */,
				F78C9D92608B5F7A86DA9CF1 /* Storyboard+.swift in Sources */,
				B68AEED1261EBA6200A5E514 /* GithubSearchMVVM02ViewModel.swift in Sources */,
				B685049025E5FA7000C0449B /* GithubSearchVIPERViewController.swift in Sources */,
				B61B425225F25E3D00F92741 /* WebMVPPresenter.swift in Sources */,
				B61B425525F25E3D00F92741 /* WebMVPViewController.swift in Sources */,
				B63146EA25CFF06C00C9CA6D /* GithubAPI+Rx.swift in Sources */,
				B6F6431825F26416002B52D8 /* WebMVVMViewController.swift in Sources */,
				B685049125E5FA7000C0449B /* GithubSearchVIPERInteractor.swift in Sources */,
			);
			runOnlyForDeploymentPostprocessing = 0;
		};
/* End PBXSourcesBuildPhase section */

/* Begin PBXVariantGroup section */
		6937CF30C4F3CA943302212A /* Root.storyboard */ = {
			isa = PBXVariantGroup;
			children = (
				039B25D171442BB8F92DCBF7 /* Base */,
			);
			name = Root.storyboard;
			sourceTree = "<group>";
		};
		8126924E39401AF5F6263D0F /* LaunchScreen.storyboard */ = {
			isa = PBXVariantGroup;
			children = (
				2E138F787C1D48CD47AE493C /* Base */,
			);
			name = LaunchScreen.storyboard;
			sourceTree = "<group>";
		};
/* End PBXVariantGroup section */

/* Begin XCBuildConfiguration section */
		00444B30366141674715EF76 /* Debug */ = {
			isa = XCBuildConfiguration;
			baseConfigurationReference = 8F0F98CFEDE33BFDA8799B29 /* Pods-SampleiOSArchitecture.debug.xcconfig */;
			buildSettings = {
				ASSETCATALOG_COMPILER_APPICON_NAME = AppIcon;
				CODE_SIGN_IDENTITY = "iPhone Developer";
				INFOPLIST_FILE = SampleiOSArchitecture/Info.plist;
				LD_RUNPATH_SEARCH_PATHS = (
					"$(inherited)",
					"@executable_path/Frameworks",
				);
				PRODUCT_BUNDLE_IDENTIFIER = com.sakiyamaK.SampleiOSArchitecture;
				SDKROOT = iphoneos;
				TARGETED_DEVICE_FAMILY = "1,2";
			};
			name = Debug;
		};
		6554B4E03D9CAF0DB46E9F02 /* Release */ = {
			isa = XCBuildConfiguration;
			baseConfigurationReference = F9CE7B8AE3E97014B26D563F /* Pods-SampleiOSArchitecture.release.xcconfig */;
			buildSettings = {
				ASSETCATALOG_COMPILER_APPICON_NAME = AppIcon;
				CODE_SIGN_IDENTITY = "iPhone Developer";
				INFOPLIST_FILE = SampleiOSArchitecture/Info.plist;
				LD_RUNPATH_SEARCH_PATHS = (
					"$(inherited)",
					"@executable_path/Frameworks",
				);
				PRODUCT_BUNDLE_IDENTIFIER = com.sakiyamaK.SampleiOSArchitecture;
				SDKROOT = iphoneos;
				TARGETED_DEVICE_FAMILY = "1,2";
			};
			name = Release;
		};
		AB9502080A37884D4EB118C2 /* Debug */ = {
			isa = XCBuildConfiguration;
			buildSettings = {
				ALWAYS_SEARCH_USER_PATHS = NO;
				CLANG_ANALYZER_NONNULL = YES;
				CLANG_ANALYZER_NUMBER_OBJECT_CONVERSION = YES_AGGRESSIVE;
				CLANG_CXX_LANGUAGE_STANDARD = "gnu++14";
				CLANG_CXX_LIBRARY = "libc++";
				CLANG_ENABLE_MODULES = YES;
				CLANG_ENABLE_OBJC_ARC = YES;
				CLANG_ENABLE_OBJC_WEAK = YES;
				CLANG_WARN_BLOCK_CAPTURE_AUTORELEASING = YES;
				CLANG_WARN_BOOL_CONVERSION = YES;
				CLANG_WARN_COMMA = YES;
				CLANG_WARN_CONSTANT_CONVERSION = YES;
				CLANG_WARN_DEPRECATED_OBJC_IMPLEMENTATIONS = YES;
				CLANG_WARN_DIRECT_OBJC_ISA_USAGE = YES_ERROR;
				CLANG_WARN_DOCUMENTATION_COMMENTS = YES;
				CLANG_WARN_EMPTY_BODY = YES;
				CLANG_WARN_ENUM_CONVERSION = YES;
				CLANG_WARN_INFINITE_RECURSION = YES;
				CLANG_WARN_INT_CONVERSION = YES;
				CLANG_WARN_NON_LITERAL_NULL_CONVERSION = YES;
				CLANG_WARN_OBJC_IMPLICIT_RETAIN_SELF = YES;
				CLANG_WARN_OBJC_LITERAL_CONVERSION = YES;
				CLANG_WARN_OBJC_ROOT_CLASS = YES_ERROR;
				CLANG_WARN_QUOTED_INCLUDE_IN_FRAMEWORK_HEADER = YES;
				CLANG_WARN_RANGE_LOOP_ANALYSIS = YES;
				CLANG_WARN_STRICT_PROTOTYPES = YES;
				CLANG_WARN_SUSPICIOUS_MOVE = YES;
				CLANG_WARN_UNGUARDED_AVAILABILITY = YES_AGGRESSIVE;
				CLANG_WARN_UNREACHABLE_CODE = YES;
				CLANG_WARN__DUPLICATE_METHOD_MATCH = YES;
				COPY_PHASE_STRIP = NO;
				DEBUG_INFORMATION_FORMAT = dwarf;
				ENABLE_STRICT_OBJC_MSGSEND = YES;
				ENABLE_TESTABILITY = YES;
				GCC_C_LANGUAGE_STANDARD = gnu11;
				GCC_DYNAMIC_NO_PIC = NO;
				GCC_NO_COMMON_BLOCKS = YES;
				GCC_OPTIMIZATION_LEVEL = 0;
				GCC_PREPROCESSOR_DEFINITIONS = (
					"$(inherited)",
					"DEBUG=1",
				);
				GCC_WARN_64_TO_32_BIT_CONVERSION = YES;
				GCC_WARN_ABOUT_RETURN_TYPE = YES_ERROR;
				GCC_WARN_UNDECLARED_SELECTOR = YES;
				GCC_WARN_UNINITIALIZED_AUTOS = YES_AGGRESSIVE;
				GCC_WARN_UNUSED_FUNCTION = YES;
				GCC_WARN_UNUSED_VARIABLE = YES;
				IPHONEOS_DEPLOYMENT_TARGET = 13.0;
				MTL_ENABLE_DEBUG_INFO = INCLUDE_SOURCE;
				MTL_FAST_MATH = YES;
				ONLY_ACTIVE_ARCH = YES;
				PRODUCT_NAME = "$(TARGET_NAME)";
				SDKROOT = iphoneos;
				SWIFT_ACTIVE_COMPILATION_CONDITIONS = DEBUG;
				SWIFT_OPTIMIZATION_LEVEL = "-Onone";
				SWIFT_VERSION = 5.0;
			};
			name = Debug;
		};
		DE09C6BC72A5A75ADD6F5258 /* Release */ = {
			isa = XCBuildConfiguration;
			buildSettings = {
				ALWAYS_SEARCH_USER_PATHS = NO;
				CLANG_ANALYZER_NONNULL = YES;
				CLANG_ANALYZER_NUMBER_OBJECT_CONVERSION = YES_AGGRESSIVE;
				CLANG_CXX_LANGUAGE_STANDARD = "gnu++14";
				CLANG_CXX_LIBRARY = "libc++";
				CLANG_ENABLE_MODULES = YES;
				CLANG_ENABLE_OBJC_ARC = YES;
				CLANG_ENABLE_OBJC_WEAK = YES;
				CLANG_WARN_BLOCK_CAPTURE_AUTORELEASING = YES;
				CLANG_WARN_BOOL_CONVERSION = YES;
				CLANG_WARN_COMMA = YES;
				CLANG_WARN_CONSTANT_CONVERSION = YES;
				CLANG_WARN_DEPRECATED_OBJC_IMPLEMENTATIONS = YES;
				CLANG_WARN_DIRECT_OBJC_ISA_USAGE = YES_ERROR;
				CLANG_WARN_DOCUMENTATION_COMMENTS = YES;
				CLANG_WARN_EMPTY_BODY = YES;
				CLANG_WARN_ENUM_CONVERSION = YES;
				CLANG_WARN_INFINITE_RECURSION = YES;
				CLANG_WARN_INT_CONVERSION = YES;
				CLANG_WARN_NON_LITERAL_NULL_CONVERSION = YES;
				CLANG_WARN_OBJC_IMPLICIT_RETAIN_SELF = YES;
				CLANG_WARN_OBJC_LITERAL_CONVERSION = YES;
				CLANG_WARN_OBJC_ROOT_CLASS = YES_ERROR;
				CLANG_WARN_QUOTED_INCLUDE_IN_FRAMEWORK_HEADER = YES;
				CLANG_WARN_RANGE_LOOP_ANALYSIS = YES;
				CLANG_WARN_STRICT_PROTOTYPES = YES;
				CLANG_WARN_SUSPICIOUS_MOVE = YES;
				CLANG_WARN_UNGUARDED_AVAILABILITY = YES_AGGRESSIVE;
				CLANG_WARN_UNREACHABLE_CODE = YES;
				CLANG_WARN__DUPLICATE_METHOD_MATCH = YES;
				COPY_PHASE_STRIP = NO;
				DEBUG_INFORMATION_FORMAT = "dwarf-with-dsym";
				ENABLE_NS_ASSERTIONS = NO;
				ENABLE_STRICT_OBJC_MSGSEND = YES;
				GCC_C_LANGUAGE_STANDARD = gnu11;
				GCC_NO_COMMON_BLOCKS = YES;
				GCC_WARN_64_TO_32_BIT_CONVERSION = YES;
				GCC_WARN_ABOUT_RETURN_TYPE = YES_ERROR;
				GCC_WARN_UNDECLARED_SELECTOR = YES;
				GCC_WARN_UNINITIALIZED_AUTOS = YES_AGGRESSIVE;
				GCC_WARN_UNUSED_FUNCTION = YES;
				GCC_WARN_UNUSED_VARIABLE = YES;
				IPHONEOS_DEPLOYMENT_TARGET = 13.0;
				MTL_ENABLE_DEBUG_INFO = NO;
				MTL_FAST_MATH = YES;
				PRODUCT_NAME = "$(TARGET_NAME)";
				SDKROOT = iphoneos;
				SWIFT_COMPILATION_MODE = wholemodule;
				SWIFT_OPTIMIZATION_LEVEL = "-O";
				SWIFT_VERSION = 5.0;
			};
			name = Release;
		};
/* End XCBuildConfiguration section */

/* Begin XCConfigurationList section */
		713156F96FF2760CC6C0DD56 /* Build configuration list for PBXProject "SampleiOSArchitecture" */ = {
			isa = XCConfigurationList;
			buildConfigurations = (
				AB9502080A37884D4EB118C2 /* Debug */,
				DE09C6BC72A5A75ADD6F5258 /* Release */,
			);
			defaultConfigurationIsVisible = 0;
			defaultConfigurationName = Debug;
		};
		9A3829F26B9EF09595695E67 /* Build configuration list for PBXNativeTarget "SampleiOSArchitecture" */ = {
			isa = XCConfigurationList;
			buildConfigurations = (
				00444B30366141674715EF76 /* Debug */,
				6554B4E03D9CAF0DB46E9F02 /* Release */,
			);
			defaultConfigurationIsVisible = 0;
			defaultConfigurationName = Debug;
		};
/* End XCConfigurationList section */

/* Begin XCRemoteSwiftPackageReference section */
		B666165A2622FF2600316852 /* XCRemoteSwiftPackageReference "CombineCocoa" */ = {
			isa = XCRemoteSwiftPackageReference;
			repositoryURL = "https://github.com/CombineCommunity/CombineCocoa";
			requirement = {
				kind = upToNextMajorVersion;
				minimumVersion = 0.2.2;
			};
		};
/* End XCRemoteSwiftPackageReference section */

/* Begin XCSwiftPackageProductDependency section */
		B666165B2622FF2600316852 /* CombineCocoa */ = {
			isa = XCSwiftPackageProductDependency;
			package = B666165A2622FF2600316852 /* XCRemoteSwiftPackageReference "CombineCocoa" */;
			productName = CombineCocoa;
		};
/* End XCSwiftPackageProductDependency section */
	};
	rootObject = 0AB83D09D3E47C86B48D95A1 /* Project object */;
}
